
Microsoft Visual Studio Solution File, Format Version 12.00
# Visual Studio Version 16
VisualStudioVersion = 16.0.30523.141
MinimumVisualStudioVersion = 10.0.40219.1
Project("{FAE04EC0-301F-11D3-BF4B-00C04F79EFBC}") = "TRY", "TRY\TRY.csproj", "{2011B7F8-25ED-4465-8452-D21C390DF48F}"
EndProject
Project("{FAE04EC0-301F-11D3-BF4B-00C04F79EFBC}") = "CodeFirstNewDatabaseSample", "CodeFirstNewDatabaseSample\CodeFirstNewDatabaseSample.csproj", "{80B1B402-C2E3-46B3-93F0-CE9EFDA68900}"
EndProject
Project("{FAE04EC0-301F-11D3-BF4B-00C04F79EFBC}") = "CodeFirstExistingDatabaseSample", "CodeFirstExistingDatabaseSample\CodeFirstExistingDatabaseSample.csproj", "{2A61DE3A-B274-4874-80BD-4D29E75672A6}"
EndProject
Project("{FAE04EC0-301F-11D3-BF4B-00C04F79EFBC}") = "Fundimentals", "Fundimentals\Fundimentals.csproj", "{06B47F76-A0DF-4F52-92B7-964606914674}"
EndProject
Project("{00D1A9C2-B5F0-4AF3-8072-F6C62B433612}") = "School", "School\School.sqlproj", "{D721BE93-637E-4F40-901E-B283B2E34DFA}"
EndProject
Project("{FAE04EC0-301F-11D3-BF4B-00C04F79EFBC}") = "ConsoleApp1", "ConsoleApp1\ConsoleApp1.csproj", "{65B7F253-F92C-46A7-91CF-5920E9F73A50}"
EndProject
Global
	GlobalSection(SolutionConfigurationPlatforms) = preSolution
		Debug|Any CPU = Debug|Any CPU
		Debug|ARM = Debug|ARM
		Debug|ARM64 = Debug|ARM64
		Debug|x64 = Debug|x64
		Debug|x86 = Debug|x86
		Release|Any CPU = Release|Any CPU
		Release|ARM = Release|ARM
		Release|ARM64 = Release|ARM64
		Release|x64 = Release|x64
		Release|x86 = Release|x86
	EndGlobalSection
	GlobalSection(ProjectConfigurationPlatforms) = postSolution
		{2011B7F8-25ED-4465-8452-D21C390DF48F}.Debug|Any CPU.ActiveCfg = Debug|Any CPU
		{2011B7F8-25ED-4465-8452-D21C390DF48F}.Debug|Any CPU.Build.0 = Debug|Any CPU
		{2011B7F8-25ED-4465-8452-D21C390DF48F}.Debug|ARM.ActiveCfg = Debug|Any CPU
		{2011B7F8-25ED-4465-8452-D21C390DF48F}.Debug|ARM.Build.0 = Debug|Any CPU
		{2011B7F8-25ED-4465-8452-D21C390DF48F}.Debug|ARM64.ActiveCfg = Debug|Any CPU
		{2011B7F8-25ED-4465-8452-D21C390DF48F}.Debug|ARM64.Build.0 = Debug|Any CPU
		{2011B7F8-25ED-4465-8452-D21C390DF48F}.Debug|x64.ActiveCfg = Debug|Any CPU
		{2011B7F8-25ED-4465-8452-D21C390DF48F}.Debug|x64.Build.0 = Debug|Any CPU
		{2011B7F8-25ED-4465-8452-D21C390DF48F}.Debug|x86.ActiveCfg = Debug|Any CPU
		{2011B7F8-25ED-4465-8452-D21C390DF48F}.Debug|x86.Build.0 = Debug|Any CPU
		{2011B7F8-25ED-4465-8452-D21C390DF48F}.Release|Any CPU.ActiveCfg = Release|Any CPU
		{2011B7F8-25ED-4465-8452-D21C390DF48F}.Release|Any CPU.Build.0 = Release|Any CPU
		{2011B7F8-25ED-4465-8452-D21C390DF48F}.Release|ARM.ActiveCfg = Release|Any CPU
		{2011B7F8-25ED-4465-8452-D21C390DF48F}.Release|ARM.Build.0 = Release|Any CPU
		{2011B7F8-25ED-4465-8452-D21C390DF48F}.Release|ARM64.ActiveCfg = Release|Any CPU
		{2011B7F8-25ED-4465-8452-D21C390DF48F}.Release|ARM64.Build.0 = Release|Any CPU
		{2011B7F8-25ED-4465-8452-D21C390DF48F}.Release|x64.ActiveCfg = Release|Any CPU
		{2011B7F8-25ED-4465-8452-D21C390DF48F}.Release|x64.Build.0 = Release|Any CPU
		{2011B7F8-25ED-4465-8452-D21C390DF48F}.Release|x86.ActiveCfg = Release|Any CPU
		{2011B7F8-25ED-4465-8452-D21C390DF48F}.Release|x86.Build.0 = Release|Any CPU
		{80B1B402-C2E3-46B3-93F0-CE9EFDA68900}.Debug|Any CPU.ActiveCfg = Debug|Any CPU
		{80B1B402-C2E3-46B3-93F0-CE9EFDA68900}.Debug|Any CPU.Build.0 = Debug|Any CPU
		{80B1B402-C2E3-46B3-93F0-CE9EFDA68900}.Debug|ARM.ActiveCfg = Debug|Any CPU
		{80B1B402-C2E3-46B3-93F0-CE9EFDA68900}.Debug|ARM.Build.0 = Debug|Any CPU
		{80B1B402-C2E3-46B3-93F0-CE9EFDA68900}.Debug|ARM64.ActiveCfg = Debug|Any CPU
		{80B1B402-C2E3-46B3-93F0-CE9EFDA68900}.Debug|ARM64.Build.0 = Debug|Any CPU
		{80B1B402-C2E3-46B3-93F0-CE9EFDA68900}.Debug|x64.ActiveCfg = Debug|Any CPU
		{80B1B402-C2E3-46B3-93F0-CE9EFDA68900}.Debug|x64.Build.0 = Debug|Any CPU
		{80B1B402-C2E3-46B3-93F0-CE9EFDA68900}.Debug|x86.ActiveCfg = Debug|Any CPU
		{80B1B402-C2E3-46B3-93F0-CE9EFDA68900}.Debug|x86.Build.0 = Debug|Any CPU
		{80B1B402-C2E3-46B3-93F0-CE9EFDA68900}.Release|Any CPU.ActiveCfg = Release|Any CPU
		{80B1B402-C2E3-46B3-93F0-CE9EFDA68900}.Release|Any CPU.Build.0 = Release|Any CPU
		{80B1B402-C2E3-46B3-93F0-CE9EFDA68900}.Release|ARM.ActiveCfg = Release|Any CPU
		{80B1B402-C2E3-46B3-93F0-CE9EFDA68900}.Release|ARM.Build.0 = Release|Any CPU
		{80B1B402-C2E3-46B3-93F0-CE9EFDA68900}.Release|ARM64.ActiveCfg = Release|Any CPU
		{80B1B402-C2E3-46B3-93F0-CE9EFDA68900}.Release|ARM64.Build.0 = Release|Any CPU
		{80B1B402-C2E3-46B3-93F0-CE9EFDA68900}.Release|x64.ActiveCfg = Release|Any CPU
		{80B1B402-C2E3-46B3-93F0-CE9EFDA68900}.Release|x64.Build.0 = Release|Any CPU
		{80B1B402-C2E3-46B3-93F0-CE9EFDA68900}.Release|x86.ActiveCfg = Release|Any CPU
		{80B1B402-C2E3-46B3-93F0-CE9EFDA68900}.Release|x86.Build.0 = Release|Any CPU
		{2A61DE3A-B274-4874-80BD-4D29E75672A6}.Debug|Any CPU.ActiveCfg = Debug|Any CPU
		{2A61DE3A-B274-4874-80BD-4D29E75672A6}.Debug|Any CPU.Build.0 = Debug|Any CPU
		{2A61DE3A-B274-4874-80BD-4D29E75672A6}.Debug|ARM.ActiveCfg = Debug|Any CPU
		{2A61DE3A-B274-4874-80BD-4D29E75672A6}.Debug|ARM.Build.0 = Debug|Any CPU
		{2A61DE3A-B274-4874-80BD-4D29E75672A6}.Debug|ARM64.ActiveCfg = Debug|Any CPU
		{2A61DE3A-B274-4874-80BD-4D29E75672A6}.Debug|ARM64.Build.0 = Debug|Any CPU
		{2A61DE3A-B274-4874-80BD-4D29E75672A6}.Debug|x64.ActiveCfg = Debug|Any CPU
		{2A61DE3A-B274-4874-80BD-4D29E75672A6}.Debug|x64.Build.0 = Debug|Any CPU
		{2A61DE3A-B274-4874-80BD-4D29E75672A6}.Debug|x86.ActiveCfg = Debug|Any CPU
		{2A61DE3A-B274-4874-80BD-4D29E75672A6}.Debug|x86.Build.0 = Debug|Any CPU
		{2A61DE3A-B274-4874-80BD-4D29E75672A6}.Release|Any CPU.ActiveCfg = Release|Any CPU
		{2A61DE3A-B274-4874-80BD-4D29E75672A6}.Release|Any CPU.Build.0 = Release|Any CPU
		{2A61DE3A-B274-4874-80BD-4D29E75672A6}.Release|ARM.ActiveCfg = Release|Any CPU
		{2A61DE3A-B274-4874-80BD-4D29E75672A6}.Release|ARM.Build.0 = Release|Any CPU
		{2A61DE3A-B274-4874-80BD-4D29E75672A6}.Release|ARM64.ActiveCfg = Release|Any CPU
		{2A61DE3A-B274-4874-80BD-4D29E75672A6}.Release|ARM64.Build.0 = Release|Any CPU
		{2A61DE3A-B274-4874-80BD-4D29E75672A6}.Release|x64.ActiveCfg = Release|Any CPU
		{2A61DE3A-B274-4874-80BD-4D29E75672A6}.Release|x64.Build.0 = Release|Any CPU
		{2A61DE3A-B274-4874-80BD-4D29E75672A6}.Release|x86.ActiveCfg = Release|Any CPU
		{2A61DE3A-B274-4874-80BD-4D29E75672A6}.Release|x86.Build.0 = Release|Any CPU
		{06B47F76-A0DF-4F52-92B7-964606914674}.Debug|Any CPU.ActiveCfg = Debug|Any CPU
		{06B47F76-A0DF-4F52-92B7-964606914674}.Debug|Any CPU.Build.0 = Debug|Any CPU
		{06B47F76-A0DF-4F52-92B7-964606914674}.Debug|ARM.ActiveCfg = Debug|Any CPU
		{06B47F76-A0DF-4F52-92B7-964606914674}.Debug|ARM.Build.0 = Debug|Any CPU
		{06B47F76-A0DF-4F52-92B7-964606914674}.Debug|ARM64.ActiveCfg = Debug|Any CPU
		{06B47F76-A0DF-4F52-92B7-964606914674}.Debug|ARM64.Build.0 = Debug|Any CPU
		{06B47F76-A0DF-4F52-92B7-964606914674}.Debug|x64.ActiveCfg = Debug|Any CPU
		{06B47F76-A0DF-4F52-92B7-964606914674}.Debug|x64.Build.0 = Debug|Any CPU
		{06B47F76-A0DF-4F52-92B7-964606914674}.Debug|x86.ActiveCfg = Debug|Any CPU
		{06B47F76-A0DF-4F52-92B7-964606914674}.Debug|x86.Build.0 = Debug|Any CPU
		{06B47F76-A0DF-4F52-92B7-964606914674}.Release|Any CPU.ActiveCfg = Release|Any CPU
		{06B47F76-A0DF-4F52-92B7-964606914674}.Release|Any CPU.Build.0 = Release|Any CPU
		{06B47F76-A0DF-4F52-92B7-964606914674}.Release|ARM.ActiveCfg = Release|Any CPU
		{06B47F76-A0DF-4F52-92B7-964606914674}.Release|ARM.Build.0 = Release|Any CPU
		{06B47F76-A0DF-4F52-92B7-964606914674}.Release|ARM64.ActiveCfg = Release|Any CPU
		{06B47F76-A0DF-4F52-92B7-964606914674}.Release|ARM64.Build.0 = Release|Any CPU
		{06B47F76-A0DF-4F52-92B7-964606914674}.Release|x64.ActiveCfg = Release|Any CPU
		{06B47F76-A0DF-4F52-92B7-964606914674}.Release|x64.Build.0 = Release|Any CPU
		{06B47F76-A0DF-4F52-92B7-964606914674}.Release|x86.ActiveCfg = Release|Any CPU
		{06B47F76-A0DF-4F52-92B7-964606914674}.Release|x86.Build.0 = Release|Any CPU
		{D721BE93-637E-4F40-901E-B283B2E34DFA}.Debug|Any CPU.ActiveCfg = Debug|Any CPU
		{D721BE93-637E-4F40-901E-B283B2E34DFA}.Debug|Any CPU.Build.0 = Debug|Any CPU
		{D721BE93-637E-4F40-901E-B283B2E34DFA}.Debug|Any CPU.Deploy.0 = Debug|Any CPU
		{D721BE93-637E-4F40-901E-B283B2E34DFA}.Debug|ARM.ActiveCfg = Debug|Any CPU
		{D721BE93-637E-4F40-901E-B283B2E34DFA}.Debug|ARM.Build.0 = Debug|Any CPU
		{D721BE93-637E-4F40-901E-B283B2E34DFA}.Debug|ARM.Deploy.0 = Debug|Any CPU
		{D721BE93-637E-4F40-901E-B283B2E34DFA}.Debug|ARM64.ActiveCfg = Debug|Any CPU
		{D721BE93-637E-4F40-901E-B283B2E34DFA}.Debug|ARM64.Build.0 = Debug|Any CPU
		{D721BE93-637E-4F40-901E-B283B2E34DFA}.Debug|ARM64.Deploy.0 = Debug|Any CPU
		{D721BE93-637E-4F40-901E-B283B2E34DFA}.Debug|x64.ActiveCfg = Debug|Any CPU
		{D721BE93-637E-4F40-901E-B283B2E34DFA}.Debug|x64.Build.0 = Debug|Any CPU
		{D721BE93-637E-4F40-901E-B283B2E34DFA}.Debug|x64.Deploy.0 = Debug|Any CPU
		{D721BE93-637E-4F40-901E-B283B2E34DFA}.Debug|x86.ActiveCfg = Debug|Any CPU
		{D721BE93-637E-4F40-901E-B283B2E34DFA}.Debug|x86.Build.0 = Debug|Any CPU
		{D721BE93-637E-4F40-901E-B283B2E34DFA}.Debug|x86.Deploy.0 = Debug|Any CPU
		{D721BE93-637E-4F40-901E-B283B2E34DFA}.Release|Any CPU.ActiveCfg = Release|Any CPU
		{D721BE93-637E-4F40-901E-B283B2E34DFA}.Release|Any CPU.Build.0 = Release|Any CPU
		{D721BE93-637E-4F40-901E-B283B2E34DFA}.Release|Any CPU.Deploy.0 = Release|Any CPU
		{D721BE93-637E-4F40-901E-B283B2E34DFA}.Release|ARM.ActiveCfg = Release|Any CPU
		{D721BE93-637E-4F40-901E-B283B2E34DFA}.Release|ARM.Build.0 = Release|Any CPU
		{D721BE93-637E-4F40-901E-B283B2E34DFA}.Release|ARM.Deploy.0 = Release|Any CPU
		{D721BE93-637E-4F40-901E-B283B2E34DFA}.Release|ARM64.ActiveCfg = Release|Any CPU
		{D721BE93-637E-4F40-901E-B283B2E34DFA}.Release|ARM64.Build.0 = Release|Any CPU
		{D721BE93-637E-4F40-901E-B283B2E34DFA}.Release|ARM64.Deploy.0 = Release|Any CPU
		{D721BE93-637E-4F40-901E-B283B2E34DFA}.Release|x64.ActiveCfg = Release|Any CPU
		{D721BE93-637E-4F40-901E-B283B2E34DFA}.Release|x64.Build.0 = Release|Any CPU
		{D721BE93-637E-4F40-901E-B283B2E34DFA}.Release|x64.Deploy.0 = Release|Any CPU
		{D721BE93-637E-4F40-901E-B283B2E34DFA}.Release|x86.ActiveCfg = Release|Any CPU
		{D721BE93-637E-4F40-901E-B283B2E34DFA}.Release|x86.Build.0 = Release|Any CPU
		{D721BE93-637E-4F40-901E-B283B2E34DFA}.Release|x86.Deploy.0 = Release|Any CPU
		{65B7F253-F92C-46A7-91CF-5920E9F73A50}.Debug|Any CPU.ActiveCfg = Debug|Any CPU
		{65B7F253-F92C-46A7-91CF-5920E9F73A50}.Debug|Any CPU.Build.0 = Debug|Any CPU
		{65B7F253-F92C-46A7-91CF-5920E9F73A50}.Debug|ARM.ActiveCfg = Debug|Any CPU
		{65B7F253-F92C-46A7-91CF-5920E9F73A50}.Debug|ARM.Build.0 = Debug|Any CPU
		{65B7F253-F92C-46A7-91CF-5920E9F73A50}.Debug|ARM64.ActiveCfg = Debug|Any CPU
		{65B7F253-F92C-46A7-91CF-5920E9F73A50}.Debug|ARM64.Build.0 = Debug|Any CPU
		{65B7F253-F92C-46A7-91CF-5920E9F73A50}.Debug|x64.ActiveCfg = Debug|Any CPU
		{65B7F253-F92C-46A7-91CF-5920E9F73A50}.Debug|x64.Build.0 = Debug|Any CPU
		{65B7F253-F92C-46A7-91CF-5920E9F73A50}.Debug|x86.ActiveCfg = Debug|Any CPU
		{65B7F253-F92C-46A7-91CF-5920E9F73A50}.Debug|x86.Build.0 = Debug|Any CPU
		{65B7F253-F92C-46A7-91CF-5920E9F73A50}.Release|Any CPU.ActiveCfg = Release|Any CPU
		{65B7F253-F92C-46A7-91CF-5920E9F73A50}.Release|Any CPU.Build.0 = Release|Any CPU
		{65B7F253-F92C-46A7-91CF-5920E9F73A50}.Release|ARM.ActiveCfg = Release|Any CPU
		{65B7F253-F92C-46A7-91CF-5920E9F73A50}.Release|ARM.Build.0 = Release|Any CPU
		{65B7F253-F92C-46A7-91CF-5920E9F73A50}.Release|ARM64.ActiveCfg = Release|Any CPU
		{65B7F253-F92C-46A7-91CF-5920E9F73A50}.Release|ARM64.Build.0 = Release|Any CPU
		{65B7F253-F92C-46A7-91CF-5920E9F73A50}.Release|x64.ActiveCfg = Release|Any CPU
		{65B7F253-F92C-46A7-91CF-5920E9F73A50}.Release|x64.Build.0 = Release|Any CPU
		{65B7F253-F92C-46A7-91CF-5920E9F73A50}.Release|x86.ActiveCfg = Release|Any CPU
		{65B7F253-F92C-46A7-91CF-5920E9F73A50}.Release|x86.Build.0 = Release|Any CPU
	EndGlobalSection
	GlobalSection(SolutionProperties) = preSolution
		HideSolutionNode = FALSE
	EndGlobalSection
	GlobalSection(ExtensibilityGlobals) = postSolution
		SolutionGuid = {045D0641-8D0A-4449-88C0-DEBA3A6818F6}
	EndGlobalSection
EndGlobal
