
Microsoft Visual Studio Solution File, Format Version 12.00
# Visual Studio Version 16
VisualStudioVersion = 16.0.30523.141
MinimumVisualStudioVersion = 10.0.40219.1
Project("{FAE04EC0-301F-11D3-BF4B-00C04F79EFBC}") = "TRY", "TRY\TRY.csproj", "{2011B7F8-25ED-4465-8452-D21C390DF48F}"
EndProject
Project("{FAE04EC0-301F-11D3-BF4B-00C04F79EFBC}") = "CodeFirstNewDatabaseSample", "CodeFirstNewDatabaseSample\CodeFirstNewDatabaseSample.csproj", "{80B1B402-C2E3-46B3-93F0-CE9EFDA68900}"
EndProject
Project("{FAE04EC0-301F-11D3-BF4B-00C04F79EFBC}") = "CodeFirstExistingDatabaseSample", "CodeFirstExistingDatabaseSample\CodeFirstExistingDatabaseSample.csproj", "{2A61DE3A-B274-4874-80BD-4D29E75672A6}"
EndProject
Project("{FAE04EC0-301F-11D3-BF4B-00C04F79EFBC}") = "Fundimentals", "Fundimentals\Fundimentals.csproj", "{06B47F76-A0DF-4F52-92B7-964606914674}"
EndProject
Project("{00D1A9C2-B5F0-4AF3-8072-F6C62B433612}") = "School", "School\School.sqlproj", "{D721BE93-637E-4F40-901E-B283B2E34DFA}"
EndProject
Project("{FAE04EC0-301F-11D3-BF4B-00C04F79EFBC}") = "EFDesignerExistingDatabase", "ConsoleApp1\EFDesignerExistingDatabase.csproj", "{65B7F253-F92C-46A7-91CF-5920E9F73A50}"
EndProject
Project("{FAE04EC0-301F-11D3-BF4B-00C04F79EFBC}") = "ConsoleApp2", "ConsoleApp2\ConsoleApp2.csproj", "{4C018D5D-3071-44F5-800D-50E497796A2C}"
EndProject
Project("{9A19103F-16F7-4668-BE54-9A1E7A4F7556}") = "EFCoreGetStarted", "EFCoreGetStarted\EFCoreGetStarted.csproj", "{D69E852C-CE3F-4D21-992F-2E9C1F407A05}"
EndProject
Project("{9A19103F-16F7-4668-BE54-9A1E7A4F7556}") = "SQL-CoreApp", "SQLCoreApp\SQL-CoreApp.csproj", "{DC350EE4-0E9F-4763-ABE1-53BD847BF8BF}"
EndProject
Project("{00D1A9C2-B5F0-4AF3-8072-F6C62B433612}") = "SQL-Database", "SQL-Database\SQL-Database.sqlproj", "{BD56B209-D4AC-4675-A3F9-00F46C957D0C}"
EndProject
Project("{D954291E-2A0B-460D-934E-DC6B0785DB48}") = "SharedCode", "SharedProject1\SharedCode.shproj", "{724799BE-9F6C-46CE-A92C-727A7E9A2B23}"
EndProject
Project("{9A19103F-16F7-4668-BE54-9A1E7A4F7556}") = "SharedCore", "SharedCore\SharedCore.csproj", "{80F5E0CC-6DF0-4E02-9F5A-424B09770229}"
EndProject
Project("{FAE04EC0-301F-11D3-BF4B-00C04F79EFBC}") = "SharedNet", "SharedNet\SharedNet.csproj", "{A2D2967D-1202-4B1A-B75A-F3B284160617}"
EndProject
Project("{D954291E-2A0B-460D-934E-DC6B0785DB48}") = "TRY-SharedCode", "TRY-SharedCode\TRY-SharedCode.shproj", "{2AE0DD3D-1495-440C-A270-F463772BF8FB}"
EndProject
Project("{FAE04EC0-301F-11D3-BF4B-00C04F79EFBC}") = "TRY-ClassLibraryUsingSharedCode", "TRY-ClassLibraryUsingSharedCode\TRY-ClassLibraryUsingSharedCode.csproj", "{FF0A1691-0888-4291-A19B-5DE086AB77AD}"
EndProject
Project("{FAE04EC0-301F-11D3-BF4B-00C04F79EFBC}") = "TRY-AnotherClassLibraryUsingSharedCode", "TRY-AnotherClassLibraryUsingSahredCode\TRY-AnotherClassLibraryUsingSharedCode.csproj", "{6B04F378-0A05-4151-9B98-E8E7FB084AF0}"
EndProject
Project("{FAE04EC0-301F-11D3-BF4B-00C04F79EFBC}") = "TRY-AppUsingClassLibraryUsingSharedCode", "TRY-AppUsingClassLibraryUsingSharedCode\TRY-AppUsingClassLibraryUsingSharedCode.csproj", "{504720BF-206C-4668-A73A-7854F5AA2B12}"
EndProject
Project("{FAE04EC0-301F-11D3-BF4B-00C04F79EFBC}") = "TRY-AppUsingAnotherClassLibraryUsingSharedCode", "TRY-AppUsingAnotherClassLibraryUsingSharedCode\TRY-AppUsingAnotherClassLibraryUsingSharedCode.csproj", "{E78C5DCC-AE52-458B-A14A-5A716946C097}"
EndProject
Global
	GlobalSection(SharedMSBuildProjectFiles) = preSolution
		TRY-SharedCode\TRY-SharedCode.projitems*{2ae0dd3d-1495-440c-a270-f463772bf8fb}*SharedItemsImports = 13
		TRY-SharedCode\TRY-SharedCode.projitems*{6b04f378-0a05-4151-9b98-e8e7fb084af0}*SharedItemsImports = 5
		SharedProject1\SharedProject1.projitems*{724799be-9f6c-46ce-a92c-727a7e9a2b23}*SharedItemsImports = 13
		SharedProject1\SharedProject1.projitems*{80f5e0cc-6df0-4e02-9f5a-424b09770229}*SharedItemsImports = 5
		SharedProject1\SharedProject1.projitems*{a2d2967d-1202-4b1a-b75a-f3b284160617}*SharedItemsImports = 4
		TRY-SharedCode\TRY-SharedCode.projitems*{ff0a1691-0888-4291-a19b-5de086ab77ad}*SharedItemsImports = 5
	EndGlobalSection
	GlobalSection(SolutionConfigurationPlatforms) = preSolution
		Debug|Any CPU = Debug|Any CPU
		Debug|ARM = Debug|ARM
		Debug|ARM64 = Debug|ARM64
		Debug|x64 = Debug|x64
		Debug|x86 = Debug|x86
		Release|Any CPU = Release|Any CPU
		Release|ARM = Release|ARM
		Release|ARM64 = Release|ARM64
		Release|x64 = Release|x64
		Release|x86 = Release|x86
	EndGlobalSection
	GlobalSection(ProjectConfigurationPlatforms) = postSolution
		{2011B7F8-25ED-4465-8452-D21C390DF48F}.Debug|Any CPU.ActiveCfg = Debug|Any CPU
		{2011B7F8-25ED-4465-8452-D21C390DF48F}.Debug|Any CPU.Build.0 = Debug|Any CPU
		{2011B7F8-25ED-4465-8452-D21C390DF48F}.Debug|ARM.ActiveCfg = Debug|Any CPU
		{2011B7F8-25ED-4465-8452-D21C390DF48F}.Debug|ARM.Build.0 = Debug|Any CPU
		{2011B7F8-25ED-4465-8452-D21C390DF48F}.Debug|ARM64.ActiveCfg = Debug|Any CPU
		{2011B7F8-25ED-4465-8452-D21C390DF48F}.Debug|ARM64.Build.0 = Debug|Any CPU
		{2011B7F8-25ED-4465-8452-D21C390DF48F}.Debug|x64.ActiveCfg = Debug|Any CPU
		{2011B7F8-25ED-4465-8452-D21C390DF48F}.Debug|x64.Build.0 = Debug|Any CPU
		{2011B7F8-25ED-4465-8452-D21C390DF48F}.Debug|x86.ActiveCfg = Debug|Any CPU
		{2011B7F8-25ED-4465-8452-D21C390DF48F}.Debug|x86.Build.0 = Debug|Any CPU
		{2011B7F8-25ED-4465-8452-D21C390DF48F}.Release|Any CPU.ActiveCfg = Release|Any CPU
		{2011B7F8-25ED-4465-8452-D21C390DF48F}.Release|Any CPU.Build.0 = Release|Any CPU
		{2011B7F8-25ED-4465-8452-D21C390DF48F}.Release|ARM.ActiveCfg = Release|Any CPU
		{2011B7F8-25ED-4465-8452-D21C390DF48F}.Release|ARM.Build.0 = Release|Any CPU
		{2011B7F8-25ED-4465-8452-D21C390DF48F}.Release|ARM64.ActiveCfg = Release|Any CPU
		{2011B7F8-25ED-4465-8452-D21C390DF48F}.Release|ARM64.Build.0 = Release|Any CPU
		{2011B7F8-25ED-4465-8452-D21C390DF48F}.Release|x64.ActiveCfg = Release|Any CPU
		{2011B7F8-25ED-4465-8452-D21C390DF48F}.Release|x64.Build.0 = Release|Any CPU
		{2011B7F8-25ED-4465-8452-D21C390DF48F}.Release|x86.ActiveCfg = Release|Any CPU
		{2011B7F8-25ED-4465-8452-D21C390DF48F}.Release|x86.Build.0 = Release|Any CPU
		{80B1B402-C2E3-46B3-93F0-CE9EFDA68900}.Debug|Any CPU.ActiveCfg = Debug|Any CPU
		{80B1B402-C2E3-46B3-93F0-CE9EFDA68900}.Debug|Any CPU.Build.0 = Debug|Any CPU
		{80B1B402-C2E3-46B3-93F0-CE9EFDA68900}.Debug|ARM.ActiveCfg = Debug|Any CPU
		{80B1B402-C2E3-46B3-93F0-CE9EFDA68900}.Debug|ARM.Build.0 = Debug|Any CPU
		{80B1B402-C2E3-46B3-93F0-CE9EFDA68900}.Debug|ARM64.ActiveCfg = Debug|Any CPU
		{80B1B402-C2E3-46B3-93F0-CE9EFDA68900}.Debug|ARM64.Build.0 = Debug|Any CPU
		{80B1B402-C2E3-46B3-93F0-CE9EFDA68900}.Debug|x64.ActiveCfg = Debug|Any CPU
		{80B1B402-C2E3-46B3-93F0-CE9EFDA68900}.Debug|x64.Build.0 = Debug|Any CPU
		{80B1B402-C2E3-46B3-93F0-CE9EFDA68900}.Debug|x86.ActiveCfg = Debug|Any CPU
		{80B1B402-C2E3-46B3-93F0-CE9EFDA68900}.Debug|x86.Build.0 = Debug|Any CPU
		{80B1B402-C2E3-46B3-93F0-CE9EFDA68900}.Release|Any CPU.ActiveCfg = Release|Any CPU
		{80B1B402-C2E3-46B3-93F0-CE9EFDA68900}.Release|Any CPU.Build.0 = Release|Any CPU
		{80B1B402-C2E3-46B3-93F0-CE9EFDA68900}.Release|ARM.ActiveCfg = Release|Any CPU
		{80B1B402-C2E3-46B3-93F0-CE9EFDA68900}.Release|ARM.Build.0 = Release|Any CPU
		{80B1B402-C2E3-46B3-93F0-CE9EFDA68900}.Release|ARM64.ActiveCfg = Release|Any CPU
		{80B1B402-C2E3-46B3-93F0-CE9EFDA68900}.Release|ARM64.Build.0 = Release|Any CPU
		{80B1B402-C2E3-46B3-93F0-CE9EFDA68900}.Release|x64.ActiveCfg = Release|Any CPU
		{80B1B402-C2E3-46B3-93F0-CE9EFDA68900}.Release|x64.Build.0 = Release|Any CPU
		{80B1B402-C2E3-46B3-93F0-CE9EFDA68900}.Release|x86.ActiveCfg = Release|Any CPU
		{80B1B402-C2E3-46B3-93F0-CE9EFDA68900}.Release|x86.Build.0 = Release|Any CPU
		{2A61DE3A-B274-4874-80BD-4D29E75672A6}.Debug|Any CPU.ActiveCfg = Debug|Any CPU
		{2A61DE3A-B274-4874-80BD-4D29E75672A6}.Debug|Any CPU.Build.0 = Debug|Any CPU
		{2A61DE3A-B274-4874-80BD-4D29E75672A6}.Debug|ARM.ActiveCfg = Debug|Any CPU
		{2A61DE3A-B274-4874-80BD-4D29E75672A6}.Debug|ARM.Build.0 = Debug|Any CPU
		{2A61DE3A-B274-4874-80BD-4D29E75672A6}.Debug|ARM64.ActiveCfg = Debug|Any CPU
		{2A61DE3A-B274-4874-80BD-4D29E75672A6}.Debug|ARM64.Build.0 = Debug|Any CPU
		{2A61DE3A-B274-4874-80BD-4D29E75672A6}.Debug|x64.ActiveCfg = Debug|Any CPU
		{2A61DE3A-B274-4874-80BD-4D29E75672A6}.Debug|x64.Build.0 = Debug|Any CPU
		{2A61DE3A-B274-4874-80BD-4D29E75672A6}.Debug|x86.ActiveCfg = Debug|Any CPU
		{2A61DE3A-B274-4874-80BD-4D29E75672A6}.Debug|x86.Build.0 = Debug|Any CPU
		{2A61DE3A-B274-4874-80BD-4D29E75672A6}.Release|Any CPU.ActiveCfg = Release|Any CPU
		{2A61DE3A-B274-4874-80BD-4D29E75672A6}.Release|Any CPU.Build.0 = Release|Any CPU
		{2A61DE3A-B274-4874-80BD-4D29E75672A6}.Release|ARM.ActiveCfg = Release|Any CPU
		{2A61DE3A-B274-4874-80BD-4D29E75672A6}.Release|ARM.Build.0 = Release|Any CPU
		{2A61DE3A-B274-4874-80BD-4D29E75672A6}.Release|ARM64.ActiveCfg = Release|Any CPU
		{2A61DE3A-B274-4874-80BD-4D29E75672A6}.Release|ARM64.Build.0 = Release|Any CPU
		{2A61DE3A-B274-4874-80BD-4D29E75672A6}.Release|x64.ActiveCfg = Release|Any CPU
		{2A61DE3A-B274-4874-80BD-4D29E75672A6}.Release|x64.Build.0 = Release|Any CPU
		{2A61DE3A-B274-4874-80BD-4D29E75672A6}.Release|x86.ActiveCfg = Release|Any CPU
		{2A61DE3A-B274-4874-80BD-4D29E75672A6}.Release|x86.Build.0 = Release|Any CPU
		{06B47F76-A0DF-4F52-92B7-964606914674}.Debug|Any CPU.ActiveCfg = Debug|Any CPU
		{06B47F76-A0DF-4F52-92B7-964606914674}.Debug|Any CPU.Build.0 = Debug|Any CPU
		{06B47F76-A0DF-4F52-92B7-964606914674}.Debug|ARM.ActiveCfg = Debug|Any CPU
		{06B47F76-A0DF-4F52-92B7-964606914674}.Debug|ARM.Build.0 = Debug|Any CPU
		{06B47F76-A0DF-4F52-92B7-964606914674}.Debug|ARM64.ActiveCfg = Debug|Any CPU
		{06B47F76-A0DF-4F52-92B7-964606914674}.Debug|ARM64.Build.0 = Debug|Any CPU
		{06B47F76-A0DF-4F52-92B7-964606914674}.Debug|x64.ActiveCfg = Debug|Any CPU
		{06B47F76-A0DF-4F52-92B7-964606914674}.Debug|x64.Build.0 = Debug|Any CPU
		{06B47F76-A0DF-4F52-92B7-964606914674}.Debug|x86.ActiveCfg = Debug|Any CPU
		{06B47F76-A0DF-4F52-92B7-964606914674}.Debug|x86.Build.0 = Debug|Any CPU
		{06B47F76-A0DF-4F52-92B7-964606914674}.Release|Any CPU.ActiveCfg = Release|Any CPU
		{06B47F76-A0DF-4F52-92B7-964606914674}.Release|Any CPU.Build.0 = Release|Any CPU
		{06B47F76-A0DF-4F52-92B7-964606914674}.Release|ARM.ActiveCfg = Release|Any CPU
		{06B47F76-A0DF-4F52-92B7-964606914674}.Release|ARM.Build.0 = Release|Any CPU
		{06B47F76-A0DF-4F52-92B7-964606914674}.Release|ARM64.ActiveCfg = Release|Any CPU
		{06B47F76-A0DF-4F52-92B7-964606914674}.Release|ARM64.Build.0 = Release|Any CPU
		{06B47F76-A0DF-4F52-92B7-964606914674}.Release|x64.ActiveCfg = Release|Any CPU
		{06B47F76-A0DF-4F52-92B7-964606914674}.Release|x64.Build.0 = Release|Any CPU
		{06B47F76-A0DF-4F52-92B7-964606914674}.Release|x86.ActiveCfg = Release|Any CPU
		{06B47F76-A0DF-4F52-92B7-964606914674}.Release|x86.Build.0 = Release|Any CPU
		{D721BE93-637E-4F40-901E-B283B2E34DFA}.Debug|Any CPU.ActiveCfg = Debug|Any CPU
		{D721BE93-637E-4F40-901E-B283B2E34DFA}.Debug|Any CPU.Build.0 = Debug|Any CPU
		{D721BE93-637E-4F40-901E-B283B2E34DFA}.Debug|Any CPU.Deploy.0 = Debug|Any CPU
		{D721BE93-637E-4F40-901E-B283B2E34DFA}.Debug|ARM.ActiveCfg = Debug|Any CPU
		{D721BE93-637E-4F40-901E-B283B2E34DFA}.Debug|ARM.Build.0 = Debug|Any CPU
		{D721BE93-637E-4F40-901E-B283B2E34DFA}.Debug|ARM.Deploy.0 = Debug|Any CPU
		{D721BE93-637E-4F40-901E-B283B2E34DFA}.Debug|ARM64.ActiveCfg = Debug|Any CPU
		{D721BE93-637E-4F40-901E-B283B2E34DFA}.Debug|ARM64.Build.0 = Debug|Any CPU
		{D721BE93-637E-4F40-901E-B283B2E34DFA}.Debug|ARM64.Deploy.0 = Debug|Any CPU
		{D721BE93-637E-4F40-901E-B283B2E34DFA}.Debug|x64.ActiveCfg = Debug|Any CPU
		{D721BE93-637E-4F40-901E-B283B2E34DFA}.Debug|x64.Build.0 = Debug|Any CPU
		{D721BE93-637E-4F40-901E-B283B2E34DFA}.Debug|x64.Deploy.0 = Debug|Any CPU
		{D721BE93-637E-4F40-901E-B283B2E34DFA}.Debug|x86.ActiveCfg = Debug|Any CPU
		{D721BE93-637E-4F40-901E-B283B2E34DFA}.Debug|x86.Build.0 = Debug|Any CPU
		{D721BE93-637E-4F40-901E-B283B2E34DFA}.Debug|x86.Deploy.0 = Debug|Any CPU
		{D721BE93-637E-4F40-901E-B283B2E34DFA}.Release|Any CPU.ActiveCfg = Release|Any CPU
		{D721BE93-637E-4F40-901E-B283B2E34DFA}.Release|Any CPU.Build.0 = Release|Any CPU
		{D721BE93-637E-4F40-901E-B283B2E34DFA}.Release|Any CPU.Deploy.0 = Release|Any CPU
		{D721BE93-637E-4F40-901E-B283B2E34DFA}.Release|ARM.ActiveCfg = Release|Any CPU
		{D721BE93-637E-4F40-901E-B283B2E34DFA}.Release|ARM.Build.0 = Release|Any CPU
		{D721BE93-637E-4F40-901E-B283B2E34DFA}.Release|ARM.Deploy.0 = Release|Any CPU
		{D721BE93-637E-4F40-901E-B283B2E34DFA}.Release|ARM64.ActiveCfg = Release|Any CPU
		{D721BE93-637E-4F40-901E-B283B2E34DFA}.Release|ARM64.Build.0 = Release|Any CPU
		{D721BE93-637E-4F40-901E-B283B2E34DFA}.Release|ARM64.Deploy.0 = Release|Any CPU
		{D721BE93-637E-4F40-901E-B283B2E34DFA}.Release|x64.ActiveCfg = Release|Any CPU
		{D721BE93-637E-4F40-901E-B283B2E34DFA}.Release|x64.Build.0 = Release|Any CPU
		{D721BE93-637E-4F40-901E-B283B2E34DFA}.Release|x64.Deploy.0 = Release|Any CPU
		{D721BE93-637E-4F40-901E-B283B2E34DFA}.Release|x86.ActiveCfg = Release|Any CPU
		{D721BE93-637E-4F40-901E-B283B2E34DFA}.Release|x86.Build.0 = Release|Any CPU
		{D721BE93-637E-4F40-901E-B283B2E34DFA}.Release|x86.Deploy.0 = Release|Any CPU
		{65B7F253-F92C-46A7-91CF-5920E9F73A50}.Debug|Any CPU.ActiveCfg = Debug|Any CPU
		{65B7F253-F92C-46A7-91CF-5920E9F73A50}.Debug|Any CPU.Build.0 = Debug|Any CPU
		{65B7F253-F92C-46A7-91CF-5920E9F73A50}.Debug|ARM.ActiveCfg = Debug|Any CPU
		{65B7F253-F92C-46A7-91CF-5920E9F73A50}.Debug|ARM.Build.0 = Debug|Any CPU
		{65B7F253-F92C-46A7-91CF-5920E9F73A50}.Debug|ARM64.ActiveCfg = Debug|Any CPU
		{65B7F253-F92C-46A7-91CF-5920E9F73A50}.Debug|ARM64.Build.0 = Debug|Any CPU
		{65B7F253-F92C-46A7-91CF-5920E9F73A50}.Debug|x64.ActiveCfg = Debug|Any CPU
		{65B7F253-F92C-46A7-91CF-5920E9F73A50}.Debug|x64.Build.0 = Debug|Any CPU
		{65B7F253-F92C-46A7-91CF-5920E9F73A50}.Debug|x86.ActiveCfg = Debug|Any CPU
		{65B7F253-F92C-46A7-91CF-5920E9F73A50}.Debug|x86.Build.0 = Debug|Any CPU
		{65B7F253-F92C-46A7-91CF-5920E9F73A50}.Release|Any CPU.ActiveCfg = Release|Any CPU
		{65B7F253-F92C-46A7-91CF-5920E9F73A50}.Release|Any CPU.Build.0 = Release|Any CPU
		{65B7F253-F92C-46A7-91CF-5920E9F73A50}.Release|ARM.ActiveCfg = Release|Any CPU
		{65B7F253-F92C-46A7-91CF-5920E9F73A50}.Release|ARM.Build.0 = Release|Any CPU
		{65B7F253-F92C-46A7-91CF-5920E9F73A50}.Release|ARM64.ActiveCfg = Release|Any CPU
		{65B7F253-F92C-46A7-91CF-5920E9F73A50}.Release|ARM64.Build.0 = Release|Any CPU
		{65B7F253-F92C-46A7-91CF-5920E9F73A50}.Release|x64.ActiveCfg = Release|Any CPU
		{65B7F253-F92C-46A7-91CF-5920E9F73A50}.Release|x64.Build.0 = Release|Any CPU
		{65B7F253-F92C-46A7-91CF-5920E9F73A50}.Release|x86.ActiveCfg = Release|Any CPU
		{65B7F253-F92C-46A7-91CF-5920E9F73A50}.Release|x86.Build.0 = Release|Any CPU
		{4C018D5D-3071-44F5-800D-50E497796A2C}.Debug|Any CPU.ActiveCfg = Debug|Any CPU
		{4C018D5D-3071-44F5-800D-50E497796A2C}.Debug|Any CPU.Build.0 = Debug|Any CPU
		{4C018D5D-3071-44F5-800D-50E497796A2C}.Debug|ARM.ActiveCfg = Debug|Any CPU
		{4C018D5D-3071-44F5-800D-50E497796A2C}.Debug|ARM.Build.0 = Debug|Any CPU
		{4C018D5D-3071-44F5-800D-50E497796A2C}.Debug|ARM64.ActiveCfg = Debug|Any CPU
		{4C018D5D-3071-44F5-800D-50E497796A2C}.Debug|ARM64.Build.0 = Debug|Any CPU
		{4C018D5D-3071-44F5-800D-50E497796A2C}.Debug|x64.ActiveCfg = Debug|Any CPU
		{4C018D5D-3071-44F5-800D-50E497796A2C}.Debug|x64.Build.0 = Debug|Any CPU
		{4C018D5D-3071-44F5-800D-50E497796A2C}.Debug|x86.ActiveCfg = Debug|Any CPU
		{4C018D5D-3071-44F5-800D-50E497796A2C}.Debug|x86.Build.0 = Debug|Any CPU
		{4C018D5D-3071-44F5-800D-50E497796A2C}.Release|Any CPU.ActiveCfg = Release|Any CPU
		{4C018D5D-3071-44F5-800D-50E497796A2C}.Release|Any CPU.Build.0 = Release|Any CPU
		{4C018D5D-3071-44F5-800D-50E497796A2C}.Release|ARM.ActiveCfg = Release|Any CPU
		{4C018D5D-3071-44F5-800D-50E497796A2C}.Release|ARM.Build.0 = Release|Any CPU
		{4C018D5D-3071-44F5-800D-50E497796A2C}.Release|ARM64.ActiveCfg = Release|Any CPU
		{4C018D5D-3071-44F5-800D-50E497796A2C}.Release|ARM64.Build.0 = Release|Any CPU
		{4C018D5D-3071-44F5-800D-50E497796A2C}.Release|x64.ActiveCfg = Release|Any CPU
		{4C018D5D-3071-44F5-800D-50E497796A2C}.Release|x64.Build.0 = Release|Any CPU
		{4C018D5D-3071-44F5-800D-50E497796A2C}.Release|x86.ActiveCfg = Release|Any CPU
		{4C018D5D-3071-44F5-800D-50E497796A2C}.Release|x86.Build.0 = Release|Any CPU
		{D69E852C-CE3F-4D21-992F-2E9C1F407A05}.Debug|Any CPU.ActiveCfg = Debug|Any CPU
		{D69E852C-CE3F-4D21-992F-2E9C1F407A05}.Debug|Any CPU.Build.0 = Debug|Any CPU
		{D69E852C-CE3F-4D21-992F-2E9C1F407A05}.Debug|ARM.ActiveCfg = Debug|Any CPU
		{D69E852C-CE3F-4D21-992F-2E9C1F407A05}.Debug|ARM.Build.0 = Debug|Any CPU
		{D69E852C-CE3F-4D21-992F-2E9C1F407A05}.Debug|ARM64.ActiveCfg = Debug|Any CPU
		{D69E852C-CE3F-4D21-992F-2E9C1F407A05}.Debug|ARM64.Build.0 = Debug|Any CPU
		{D69E852C-CE3F-4D21-992F-2E9C1F407A05}.Debug|x64.ActiveCfg = Debug|Any CPU
		{D69E852C-CE3F-4D21-992F-2E9C1F407A05}.Debug|x64.Build.0 = Debug|Any CPU
		{D69E852C-CE3F-4D21-992F-2E9C1F407A05}.Debug|x86.ActiveCfg = Debug|Any CPU
		{D69E852C-CE3F-4D21-992F-2E9C1F407A05}.Debug|x86.Build.0 = Debug|Any CPU
		{D69E852C-CE3F-4D21-992F-2E9C1F407A05}.Release|Any CPU.ActiveCfg = Release|Any CPU
		{D69E852C-CE3F-4D21-992F-2E9C1F407A05}.Release|Any CPU.Build.0 = Release|Any CPU
		{D69E852C-CE3F-4D21-992F-2E9C1F407A05}.Release|ARM.ActiveCfg = Release|Any CPU
		{D69E852C-CE3F-4D21-992F-2E9C1F407A05}.Release|ARM.Build.0 = Release|Any CPU
		{D69E852C-CE3F-4D21-992F-2E9C1F407A05}.Release|ARM64.ActiveCfg = Release|Any CPU
		{D69E852C-CE3F-4D21-992F-2E9C1F407A05}.Release|ARM64.Build.0 = Release|Any CPU
		{D69E852C-CE3F-4D21-992F-2E9C1F407A05}.Release|x64.ActiveCfg = Release|Any CPU
		{D69E852C-CE3F-4D21-992F-2E9C1F407A05}.Release|x64.Build.0 = Release|Any CPU
		{D69E852C-CE3F-4D21-992F-2E9C1F407A05}.Release|x86.ActiveCfg = Release|Any CPU
		{D69E852C-CE3F-4D21-992F-2E9C1F407A05}.Release|x86.Build.0 = Release|Any CPU
		{DC350EE4-0E9F-4763-ABE1-53BD847BF8BF}.Debug|Any CPU.ActiveCfg = Debug|Any CPU
		{DC350EE4-0E9F-4763-ABE1-53BD847BF8BF}.Debug|Any CPU.Build.0 = Debug|Any CPU
		{DC350EE4-0E9F-4763-ABE1-53BD847BF8BF}.Debug|ARM.ActiveCfg = Debug|Any CPU
		{DC350EE4-0E9F-4763-ABE1-53BD847BF8BF}.Debug|ARM.Build.0 = Debug|Any CPU
		{DC350EE4-0E9F-4763-ABE1-53BD847BF8BF}.Debug|ARM64.ActiveCfg = Debug|Any CPU
		{DC350EE4-0E9F-4763-ABE1-53BD847BF8BF}.Debug|ARM64.Build.0 = Debug|Any CPU
		{DC350EE4-0E9F-4763-ABE1-53BD847BF8BF}.Debug|x64.ActiveCfg = Debug|Any CPU
		{DC350EE4-0E9F-4763-ABE1-53BD847BF8BF}.Debug|x64.Build.0 = Debug|Any CPU
		{DC350EE4-0E9F-4763-ABE1-53BD847BF8BF}.Debug|x86.ActiveCfg = Debug|Any CPU
		{DC350EE4-0E9F-4763-ABE1-53BD847BF8BF}.Debug|x86.Build.0 = Debug|Any CPU
		{DC350EE4-0E9F-4763-ABE1-53BD847BF8BF}.Release|Any CPU.ActiveCfg = Release|Any CPU
		{DC350EE4-0E9F-4763-ABE1-53BD847BF8BF}.Release|Any CPU.Build.0 = Release|Any CPU
		{DC350EE4-0E9F-4763-ABE1-53BD847BF8BF}.Release|ARM.ActiveCfg = Release|Any CPU
		{DC350EE4-0E9F-4763-ABE1-53BD847BF8BF}.Release|ARM.Build.0 = Release|Any CPU
		{DC350EE4-0E9F-4763-ABE1-53BD847BF8BF}.Release|ARM64.ActiveCfg = Release|Any CPU
		{DC350EE4-0E9F-4763-ABE1-53BD847BF8BF}.Release|ARM64.Build.0 = Release|Any CPU
		{DC350EE4-0E9F-4763-ABE1-53BD847BF8BF}.Release|x64.ActiveCfg = Release|Any CPU
		{DC350EE4-0E9F-4763-ABE1-53BD847BF8BF}.Release|x64.Build.0 = Release|Any CPU
		{DC350EE4-0E9F-4763-ABE1-53BD847BF8BF}.Release|x86.ActiveCfg = Release|Any CPU
		{DC350EE4-0E9F-4763-ABE1-53BD847BF8BF}.Release|x86.Build.0 = Release|Any CPU
		{BD56B209-D4AC-4675-A3F9-00F46C957D0C}.Debug|Any CPU.ActiveCfg = Debug|Any CPU
		{BD56B209-D4AC-4675-A3F9-00F46C957D0C}.Debug|Any CPU.Build.0 = Debug|Any CPU
		{BD56B209-D4AC-4675-A3F9-00F46C957D0C}.Debug|Any CPU.Deploy.0 = Debug|Any CPU
		{BD56B209-D4AC-4675-A3F9-00F46C957D0C}.Debug|ARM.ActiveCfg = Debug|Any CPU
		{BD56B209-D4AC-4675-A3F9-00F46C957D0C}.Debug|ARM.Build.0 = Debug|Any CPU
		{BD56B209-D4AC-4675-A3F9-00F46C957D0C}.Debug|ARM.Deploy.0 = Debug|Any CPU
		{BD56B209-D4AC-4675-A3F9-00F46C957D0C}.Debug|ARM64.ActiveCfg = Debug|Any CPU
		{BD56B209-D4AC-4675-A3F9-00F46C957D0C}.Debug|ARM64.Build.0 = Debug|Any CPU
		{BD56B209-D4AC-4675-A3F9-00F46C957D0C}.Debug|ARM64.Deploy.0 = Debug|Any CPU
		{BD56B209-D4AC-4675-A3F9-00F46C957D0C}.Debug|x64.ActiveCfg = Debug|Any CPU
		{BD56B209-D4AC-4675-A3F9-00F46C957D0C}.Debug|x64.Build.0 = Debug|Any CPU
		{BD56B209-D4AC-4675-A3F9-00F46C957D0C}.Debug|x64.Deploy.0 = Debug|Any CPU
		{BD56B209-D4AC-4675-A3F9-00F46C957D0C}.Debug|x86.ActiveCfg = Debug|Any CPU
		{BD56B209-D4AC-4675-A3F9-00F46C957D0C}.Debug|x86.Build.0 = Debug|Any CPU
		{BD56B209-D4AC-4675-A3F9-00F46C957D0C}.Debug|x86.Deploy.0 = Debug|Any CPU
		{BD56B209-D4AC-4675-A3F9-00F46C957D0C}.Release|Any CPU.ActiveCfg = Release|Any CPU
		{BD56B209-D4AC-4675-A3F9-00F46C957D0C}.Release|Any CPU.Build.0 = Release|Any CPU
		{BD56B209-D4AC-4675-A3F9-00F46C957D0C}.Release|Any CPU.Deploy.0 = Release|Any CPU
		{BD56B209-D4AC-4675-A3F9-00F46C957D0C}.Release|ARM.ActiveCfg = Release|Any CPU
		{BD56B209-D4AC-4675-A3F9-00F46C957D0C}.Release|ARM.Build.0 = Release|Any CPU
		{BD56B209-D4AC-4675-A3F9-00F46C957D0C}.Release|ARM.Deploy.0 = Release|Any CPU
		{BD56B209-D4AC-4675-A3F9-00F46C957D0C}.Release|ARM64.ActiveCfg = Release|Any CPU
		{BD56B209-D4AC-4675-A3F9-00F46C957D0C}.Release|ARM64.Build.0 = Release|Any CPU
		{BD56B209-D4AC-4675-A3F9-00F46C957D0C}.Release|ARM64.Deploy.0 = Release|Any CPU
		{BD56B209-D4AC-4675-A3F9-00F46C957D0C}.Release|x64.ActiveCfg = Release|Any CPU
		{BD56B209-D4AC-4675-A3F9-00F46C957D0C}.Release|x64.Build.0 = Release|Any CPU
		{BD56B209-D4AC-4675-A3F9-00F46C957D0C}.Release|x64.Deploy.0 = Release|Any CPU
		{BD56B209-D4AC-4675-A3F9-00F46C957D0C}.Release|x86.ActiveCfg = Release|Any CPU
		{BD56B209-D4AC-4675-A3F9-00F46C957D0C}.Release|x86.Build.0 = Release|Any CPU
		{BD56B209-D4AC-4675-A3F9-00F46C957D0C}.Release|x86.Deploy.0 = Release|Any CPU
		{80F5E0CC-6DF0-4E02-9F5A-424B09770229}.Debug|Any CPU.ActiveCfg = Debug|Any CPU
		{80F5E0CC-6DF0-4E02-9F5A-424B09770229}.Debug|Any CPU.Build.0 = Debug|Any CPU
		{80F5E0CC-6DF0-4E02-9F5A-424B09770229}.Debug|ARM.ActiveCfg = Debug|Any CPU
		{80F5E0CC-6DF0-4E02-9F5A-424B09770229}.Debug|ARM.Build.0 = Debug|Any CPU
		{80F5E0CC-6DF0-4E02-9F5A-424B09770229}.Debug|ARM64.ActiveCfg = Debug|Any CPU
		{80F5E0CC-6DF0-4E02-9F5A-424B09770229}.Debug|ARM64.Build.0 = Debug|Any CPU
		{80F5E0CC-6DF0-4E02-9F5A-424B09770229}.Debug|x64.ActiveCfg = Debug|Any CPU
		{80F5E0CC-6DF0-4E02-9F5A-424B09770229}.Debug|x64.Build.0 = Debug|Any CPU
		{80F5E0CC-6DF0-4E02-9F5A-424B09770229}.Debug|x86.ActiveCfg = Debug|Any CPU
		{80F5E0CC-6DF0-4E02-9F5A-424B09770229}.Debug|x86.Build.0 = Debug|Any CPU
		{80F5E0CC-6DF0-4E02-9F5A-424B09770229}.Release|Any CPU.ActiveCfg = Release|Any CPU
		{80F5E0CC-6DF0-4E02-9F5A-424B09770229}.Release|Any CPU.Build.0 = Release|Any CPU
		{80F5E0CC-6DF0-4E02-9F5A-424B09770229}.Release|ARM.ActiveCfg = Release|Any CPU
		{80F5E0CC-6DF0-4E02-9F5A-424B09770229}.Release|ARM.Build.0 = Release|Any CPU
		{80F5E0CC-6DF0-4E02-9F5A-424B09770229}.Release|ARM64.ActiveCfg = Release|Any CPU
		{80F5E0CC-6DF0-4E02-9F5A-424B09770229}.Release|ARM64.Build.0 = Release|Any CPU
		{80F5E0CC-6DF0-4E02-9F5A-424B09770229}.Release|x64.ActiveCfg = Release|Any CPU
		{80F5E0CC-6DF0-4E02-9F5A-424B09770229}.Release|x64.Build.0 = Release|Any CPU
		{80F5E0CC-6DF0-4E02-9F5A-424B09770229}.Release|x86.ActiveCfg = Release|Any CPU
		{80F5E0CC-6DF0-4E02-9F5A-424B09770229}.Release|x86.Build.0 = Release|Any CPU
		{A2D2967D-1202-4B1A-B75A-F3B284160617}.Debug|Any CPU.ActiveCfg = Debug|Any CPU
		{A2D2967D-1202-4B1A-B75A-F3B284160617}.Debug|Any CPU.Build.0 = Debug|Any CPU
		{A2D2967D-1202-4B1A-B75A-F3B284160617}.Debug|ARM.ActiveCfg = Debug|Any CPU
		{A2D2967D-1202-4B1A-B75A-F3B284160617}.Debug|ARM.Build.0 = Debug|Any CPU
		{A2D2967D-1202-4B1A-B75A-F3B284160617}.Debug|ARM64.ActiveCfg = Debug|Any CPU
		{A2D2967D-1202-4B1A-B75A-F3B284160617}.Debug|ARM64.Build.0 = Debug|Any CPU
		{A2D2967D-1202-4B1A-B75A-F3B284160617}.Debug|x64.ActiveCfg = Debug|Any CPU
		{A2D2967D-1202-4B1A-B75A-F3B284160617}.Debug|x64.Build.0 = Debug|Any CPU
		{A2D2967D-1202-4B1A-B75A-F3B284160617}.Debug|x86.ActiveCfg = Debug|Any CPU
		{A2D2967D-1202-4B1A-B75A-F3B284160617}.Debug|x86.Build.0 = Debug|Any CPU
		{A2D2967D-1202-4B1A-B75A-F3B284160617}.Release|Any CPU.ActiveCfg = Release|Any CPU
		{A2D2967D-1202-4B1A-B75A-F3B284160617}.Release|Any CPU.Build.0 = Release|Any CPU
		{A2D2967D-1202-4B1A-B75A-F3B284160617}.Release|ARM.ActiveCfg = Release|Any CPU
		{A2D2967D-1202-4B1A-B75A-F3B284160617}.Release|ARM.Build.0 = Release|Any CPU
		{A2D2967D-1202-4B1A-B75A-F3B284160617}.Release|ARM64.ActiveCfg = Release|Any CPU
		{A2D2967D-1202-4B1A-B75A-F3B284160617}.Release|ARM64.Build.0 = Release|Any CPU
		{A2D2967D-1202-4B1A-B75A-F3B284160617}.Release|x64.ActiveCfg = Release|Any CPU
		{A2D2967D-1202-4B1A-B75A-F3B284160617}.Release|x64.Build.0 = Release|Any CPU
		{A2D2967D-1202-4B1A-B75A-F3B284160617}.Release|x86.ActiveCfg = Release|Any CPU
		{A2D2967D-1202-4B1A-B75A-F3B284160617}.Release|x86.Build.0 = Release|Any CPU
		{FF0A1691-0888-4291-A19B-5DE086AB77AD}.Debug|Any CPU.ActiveCfg = Debug|Any CPU
		{FF0A1691-0888-4291-A19B-5DE086AB77AD}.Debug|Any CPU.Build.0 = Debug|Any CPU
		{FF0A1691-0888-4291-A19B-5DE086AB77AD}.Debug|ARM.ActiveCfg = Debug|Any CPU
		{FF0A1691-0888-4291-A19B-5DE086AB77AD}.Debug|ARM.Build.0 = Debug|Any CPU
		{FF0A1691-0888-4291-A19B-5DE086AB77AD}.Debug|ARM64.ActiveCfg = Debug|Any CPU
		{FF0A1691-0888-4291-A19B-5DE086AB77AD}.Debug|ARM64.Build.0 = Debug|Any CPU
		{FF0A1691-0888-4291-A19B-5DE086AB77AD}.Debug|x64.ActiveCfg = Debug|Any CPU
		{FF0A1691-0888-4291-A19B-5DE086AB77AD}.Debug|x64.Build.0 = Debug|Any CPU
		{FF0A1691-0888-4291-A19B-5DE086AB77AD}.Debug|x86.ActiveCfg = Debug|Any CPU
		{FF0A1691-0888-4291-A19B-5DE086AB77AD}.Debug|x86.Build.0 = Debug|Any CPU
		{FF0A1691-0888-4291-A19B-5DE086AB77AD}.Release|Any CPU.ActiveCfg = Release|Any CPU
		{FF0A1691-0888-4291-A19B-5DE086AB77AD}.Release|Any CPU.Build.0 = Release|Any CPU
		{FF0A1691-0888-4291-A19B-5DE086AB77AD}.Release|ARM.ActiveCfg = Release|Any CPU
		{FF0A1691-0888-4291-A19B-5DE086AB77AD}.Release|ARM.Build.0 = Release|Any CPU
		{FF0A1691-0888-4291-A19B-5DE086AB77AD}.Release|ARM64.ActiveCfg = Release|Any CPU
		{FF0A1691-0888-4291-A19B-5DE086AB77AD}.Release|ARM64.Build.0 = Release|Any CPU
		{FF0A1691-0888-4291-A19B-5DE086AB77AD}.Release|x64.ActiveCfg = Release|Any CPU
		{FF0A1691-0888-4291-A19B-5DE086AB77AD}.Release|x64.Build.0 = Release|Any CPU
		{FF0A1691-0888-4291-A19B-5DE086AB77AD}.Release|x86.ActiveCfg = Release|Any CPU
		{FF0A1691-0888-4291-A19B-5DE086AB77AD}.Release|x86.Build.0 = Release|Any CPU
		{6B04F378-0A05-4151-9B98-E8E7FB084AF0}.Debug|Any CPU.ActiveCfg = Debug|Any CPU
		{6B04F378-0A05-4151-9B98-E8E7FB084AF0}.Debug|Any CPU.Build.0 = Debug|Any CPU
		{6B04F378-0A05-4151-9B98-E8E7FB084AF0}.Debug|ARM.ActiveCfg = Debug|Any CPU
		{6B04F378-0A05-4151-9B98-E8E7FB084AF0}.Debug|ARM.Build.0 = Debug|Any CPU
		{6B04F378-0A05-4151-9B98-E8E7FB084AF0}.Debug|ARM64.ActiveCfg = Debug|Any CPU
		{6B04F378-0A05-4151-9B98-E8E7FB084AF0}.Debug|ARM64.Build.0 = Debug|Any CPU
		{6B04F378-0A05-4151-9B98-E8E7FB084AF0}.Debug|x64.ActiveCfg = Debug|Any CPU
		{6B04F378-0A05-4151-9B98-E8E7FB084AF0}.Debug|x64.Build.0 = Debug|Any CPU
		{6B04F378-0A05-4151-9B98-E8E7FB084AF0}.Debug|x86.ActiveCfg = Debug|Any CPU
		{6B04F378-0A05-4151-9B98-E8E7FB084AF0}.Debug|x86.Build.0 = Debug|Any CPU
		{6B04F378-0A05-4151-9B98-E8E7FB084AF0}.Release|Any CPU.ActiveCfg = Release|Any CPU
		{6B04F378-0A05-4151-9B98-E8E7FB084AF0}.Release|Any CPU.Build.0 = Release|Any CPU
		{6B04F378-0A05-4151-9B98-E8E7FB084AF0}.Release|ARM.ActiveCfg = Release|Any CPU
		{6B04F378-0A05-4151-9B98-E8E7FB084AF0}.Release|ARM.Build.0 = Release|Any CPU
		{6B04F378-0A05-4151-9B98-E8E7FB084AF0}.Release|ARM64.ActiveCfg = Release|Any CPU
		{6B04F378-0A05-4151-9B98-E8E7FB084AF0}.Release|ARM64.Build.0 = Release|Any CPU
		{6B04F378-0A05-4151-9B98-E8E7FB084AF0}.Release|x64.ActiveCfg = Release|Any CPU
		{6B04F378-0A05-4151-9B98-E8E7FB084AF0}.Release|x64.Build.0 = Release|Any CPU
		{6B04F378-0A05-4151-9B98-E8E7FB084AF0}.Release|x86.ActiveCfg = Release|Any CPU
		{6B04F378-0A05-4151-9B98-E8E7FB084AF0}.Release|x86.Build.0 = Release|Any CPU
		{504720BF-206C-4668-A73A-7854F5AA2B12}.Debug|Any CPU.ActiveCfg = Debug|Any CPU
		{504720BF-206C-4668-A73A-7854F5AA2B12}.Debug|Any CPU.Build.0 = Debug|Any CPU
		{504720BF-206C-4668-A73A-7854F5AA2B12}.Debug|ARM.ActiveCfg = Debug|Any CPU
		{504720BF-206C-4668-A73A-7854F5AA2B12}.Debug|ARM.Build.0 = Debug|Any CPU
		{504720BF-206C-4668-A73A-7854F5AA2B12}.Debug|ARM64.ActiveCfg = Debug|Any CPU
		{504720BF-206C-4668-A73A-7854F5AA2B12}.Debug|ARM64.Build.0 = Debug|Any CPU
		{504720BF-206C-4668-A73A-7854F5AA2B12}.Debug|x64.ActiveCfg = Debug|Any CPU
		{504720BF-206C-4668-A73A-7854F5AA2B12}.Debug|x64.Build.0 = Debug|Any CPU
		{504720BF-206C-4668-A73A-7854F5AA2B12}.Debug|x86.ActiveCfg = Debug|Any CPU
		{504720BF-206C-4668-A73A-7854F5AA2B12}.Debug|x86.Build.0 = Debug|Any CPU
		{504720BF-206C-4668-A73A-7854F5AA2B12}.Release|Any CPU.ActiveCfg = Release|Any CPU
		{504720BF-206C-4668-A73A-7854F5AA2B12}.Release|Any CPU.Build.0 = Release|Any CPU
		{504720BF-206C-4668-A73A-7854F5AA2B12}.Release|ARM.ActiveCfg = Release|Any CPU
		{504720BF-206C-4668-A73A-7854F5AA2B12}.Release|ARM.Build.0 = Release|Any CPU
		{504720BF-206C-4668-A73A-7854F5AA2B12}.Release|ARM64.ActiveCfg = Release|Any CPU
		{504720BF-206C-4668-A73A-7854F5AA2B12}.Release|ARM64.Build.0 = Release|Any CPU
		{504720BF-206C-4668-A73A-7854F5AA2B12}.Release|x64.ActiveCfg = Release|Any CPU
		{504720BF-206C-4668-A73A-7854F5AA2B12}.Release|x64.Build.0 = Release|Any CPU
		{504720BF-206C-4668-A73A-7854F5AA2B12}.Release|x86.ActiveCfg = Release|Any CPU
		{504720BF-206C-4668-A73A-7854F5AA2B12}.Release|x86.Build.0 = Release|Any CPU
		{E78C5DCC-AE52-458B-A14A-5A716946C097}.Debug|Any CPU.ActiveCfg = Debug|Any CPU
		{E78C5DCC-AE52-458B-A14A-5A716946C097}.Debug|Any CPU.Build.0 = Debug|Any CPU
		{E78C5DCC-AE52-458B-A14A-5A716946C097}.Debug|ARM.ActiveCfg = Debug|Any CPU
		{E78C5DCC-AE52-458B-A14A-5A716946C097}.Debug|ARM.Build.0 = Debug|Any CPU
		{E78C5DCC-AE52-458B-A14A-5A716946C097}.Debug|ARM64.ActiveCfg = Debug|Any CPU
		{E78C5DCC-AE52-458B-A14A-5A716946C097}.Debug|ARM64.Build.0 = Debug|Any CPU
		{E78C5DCC-AE52-458B-A14A-5A716946C097}.Debug|x64.ActiveCfg = Debug|Any CPU
		{E78C5DCC-AE52-458B-A14A-5A716946C097}.Debug|x64.Build.0 = Debug|Any CPU
		{E78C5DCC-AE52-458B-A14A-5A716946C097}.Debug|x86.ActiveCfg = Debug|Any CPU
		{E78C5DCC-AE52-458B-A14A-5A716946C097}.Debug|x86.Build.0 = Debug|Any CPU
		{E78C5DCC-AE52-458B-A14A-5A716946C097}.Release|Any CPU.ActiveCfg = Release|Any CPU
		{E78C5DCC-AE52-458B-A14A-5A716946C097}.Release|Any CPU.Build.0 = Release|Any CPU
		{E78C5DCC-AE52-458B-A14A-5A716946C097}.Release|ARM.ActiveCfg = Release|Any CPU
		{E78C5DCC-AE52-458B-A14A-5A716946C097}.Release|ARM.Build.0 = Release|Any CPU
		{E78C5DCC-AE52-458B-A14A-5A716946C097}.Release|ARM64.ActiveCfg = Release|Any CPU
		{E78C5DCC-AE52-458B-A14A-5A716946C097}.Release|ARM64.Build.0 = Release|Any CPU
		{E78C5DCC-AE52-458B-A14A-5A716946C097}.Release|x64.ActiveCfg = Release|Any CPU
		{E78C5DCC-AE52-458B-A14A-5A716946C097}.Release|x64.Build.0 = Release|Any CPU
		{E78C5DCC-AE52-458B-A14A-5A716946C097}.Release|x86.ActiveCfg = Release|Any CPU
		{E78C5DCC-AE52-458B-A14A-5A716946C097}.Release|x86.Build.0 = Release|Any CPU
	EndGlobalSection
	GlobalSection(SolutionProperties) = preSolution
		HideSolutionNode = FALSE
	EndGlobalSection
	GlobalSection(ExtensibilityGlobals) = postSolution
		SolutionGuid = {045D0641-8D0A-4449-88C0-DEBA3A6818F6}
	EndGlobalSection
EndGlobal
