
Microsoft Visual Studio Solution File, Format Version 12.00
# Visual Studio Version 16
VisualStudioVersion = 16.0.30523.141
MinimumVisualStudioVersion = 10.0.40219.1
Project("{FAE04EC0-301F-11D3-BF4B-00C04F79EFBC}") = "TRY", "TRY\TRY.csproj", "{2011B7F8-25ED-4465-8452-D21C390DF48F}"
EndProject
Project("{9A19103F-16F7-4668-BE54-9A1E7A4F7556}") = "DONT-PANIC", "..\DONT-PANIC\DONT-PANIC\DONT-PANIC.csproj", "{01FE4581-C914-4C43-B47B-B7AA99EE2D60}"
EndProject
Project("{9A19103F-16F7-4668-BE54-9A1E7A4F7556}") = "SQL-CoreApp", "SQLCoreApp\SQL-CoreApp.csproj", "{ADB74608-765D-42DE-B183-1E879CD9E65D}"
EndProject
Project("{9A19103F-16F7-4668-BE54-9A1E7A4F7556}") = "CODERUN-Runner", "CODERUN-Runner\CODERUN-Runner.csproj", "{3D1DF1A9-1312-48C9-B90A-EEE2C7C55F55}"
EndProject
Project("{9A19103F-16F7-4668-BE54-9A1E7A4F7556}") = "CODERUN-Framework", "CODERUN-Framework\CODERUN-Framework.csproj", "{D5D6372A-52CE-410C-9B57-3A1444A3013A}"
EndProject
Project("{9A19103F-16F7-4668-BE54-9A1E7A4F7556}") = "CODERUN-Sample", "CODERUN-Sample\CODERUN-Sample.csproj", "{E4CD109B-51BD-474D-85AC-9E8A93012AAC}"
EndProject
Project("{9A19103F-16F7-4668-BE54-9A1E7A4F7556}") = "CODERUN-GenericArray", "CODERUN-GenericArray\CODERUN-GenericArray.csproj", "{C9F7510B-F947-4D54-8BEC-5776078FADB5}"
EndProject
Project("{9A19103F-16F7-4668-BE54-9A1E7A4F7556}") = "CODERUN-GenericMethod", "CODERUN-GenericMethod\CODERUN-GenericMethod.csproj", "{0196E46D-6975-4130-B286-D19D11D1A7B9}"
EndProject
Project("{9A19103F-16F7-4668-BE54-9A1E7A4F7556}") = "CODERUN-GenericDelegate", "CODERUN-GenericDelegate\CODERUN-GenericDelegate.csproj", "{59C3BC35-16B1-4649-9A4B-6F182B52FD2A}"
EndProject
Project("{9A19103F-16F7-4668-BE54-9A1E7A4F7556}") = "CODERUN-Widget", "CODERUN-Widget\CODERUN-Widget.csproj", "{58E5CD15-E6E6-481B-934D-5BA36B898567}"
EndProject
Project("{9A19103F-16F7-4668-BE54-9A1E7A4F7556}") = "CODERUN-Employee", "CODERUN-Employee\CODERUN-Employee.csproj", "{3B864462-8136-4DC3-8FB9-DC5E1D1CC4DE}"
EndProject
Project("{9A19103F-16F7-4668-BE54-9A1E7A4F7556}") = "MOCK-Framework", "MOCK-Framework\MOCK-Framework.csproj", "{63D07E3C-F6CA-4723-9B3E-5682AE783360}"
EndProject
Project("{9A19103F-16F7-4668-BE54-9A1E7A4F7556}") = "MOCK-Widget", "MOCK-Widget\MOCK-Widget.csproj", "{F7B665FA-38F4-4989-9EB8-9469DA6AC993}"
EndProject
Project("{9A19103F-16F7-4668-BE54-9A1E7A4F7556}") = "TEST-Employee", "TEST-Employee\TEST-Employee.csproj", "{CCAAD7B3-8630-4AF7-94FC-5D0AE033F1E4}"
EndProject
Project("{FAE04EC0-301F-11D3-BF4B-00C04F79EFBC}") = "MODEL-Employee", "MODEL-Employee\MODEL-Employee.csproj", "{CDAC0439-C695-4865-A82D-A69548A6E5E7}"
EndProject
Project("{FAE04EC0-301F-11D3-BF4B-00C04F79EFBC}") = "MODEL-Widget", "MODEL-Widget\MODEL-Widget.csproj", "{7637C75D-53DF-436E-97CA-D8391E709813}"
EndProject
Project("{9A19103F-16F7-4668-BE54-9A1E7A4F7556}") = "MOCK-Employee", "MOCK-Employee\MOCK-Employee.csproj", "{F8C46313-FC81-493C-9576-C4CFB46223D8}"
EndProject
Project("{FAE04EC0-301F-11D3-BF4B-00C04F79EFBC}") = "TEST-Framework", "TEST-Framework\TEST-Framework.csproj", "{A2022A04-B449-4A23-ADDB-65C16A5D4716}"
EndProject
Project("{FAE04EC0-301F-11D3-BF4B-00C04F79EFBC}") = "TEST-Widget", "TEST-Widget\TEST-Widget.csproj", "{281138DD-5EBA-42B3-BB2F-E423940F118F}"
EndProject
Global
	GlobalSection(SolutionConfigurationPlatforms) = preSolution
		Debug|Any CPU = Debug|Any CPU
		Debug|ARM = Debug|ARM
		Debug|ARM64 = Debug|ARM64
		Debug|x64 = Debug|x64
		Debug|x86 = Debug|x86
		Release|Any CPU = Release|Any CPU
		Release|ARM = Release|ARM
		Release|ARM64 = Release|ARM64
		Release|x64 = Release|x64
		Release|x86 = Release|x86
	EndGlobalSection
	GlobalSection(ProjectConfigurationPlatforms) = postSolution
		{2011B7F8-25ED-4465-8452-D21C390DF48F}.Debug|Any CPU.ActiveCfg = Debug|Any CPU
		{2011B7F8-25ED-4465-8452-D21C390DF48F}.Debug|Any CPU.Build.0 = Debug|Any CPU
		{2011B7F8-25ED-4465-8452-D21C390DF48F}.Debug|ARM.ActiveCfg = Debug|Any CPU
		{2011B7F8-25ED-4465-8452-D21C390DF48F}.Debug|ARM.Build.0 = Debug|Any CPU
		{2011B7F8-25ED-4465-8452-D21C390DF48F}.Debug|ARM64.ActiveCfg = Debug|Any CPU
		{2011B7F8-25ED-4465-8452-D21C390DF48F}.Debug|ARM64.Build.0 = Debug|Any CPU
		{2011B7F8-25ED-4465-8452-D21C390DF48F}.Debug|x64.ActiveCfg = Debug|Any CPU
		{2011B7F8-25ED-4465-8452-D21C390DF48F}.Debug|x64.Build.0 = Debug|Any CPU
		{2011B7F8-25ED-4465-8452-D21C390DF48F}.Debug|x86.ActiveCfg = Debug|Any CPU
		{2011B7F8-25ED-4465-8452-D21C390DF48F}.Debug|x86.Build.0 = Debug|Any CPU
		{2011B7F8-25ED-4465-8452-D21C390DF48F}.Release|Any CPU.ActiveCfg = Release|Any CPU
		{2011B7F8-25ED-4465-8452-D21C390DF48F}.Release|Any CPU.Build.0 = Release|Any CPU
		{2011B7F8-25ED-4465-8452-D21C390DF48F}.Release|ARM.ActiveCfg = Release|Any CPU
		{2011B7F8-25ED-4465-8452-D21C390DF48F}.Release|ARM.Build.0 = Release|Any CPU
		{2011B7F8-25ED-4465-8452-D21C390DF48F}.Release|ARM64.ActiveCfg = Release|Any CPU
		{2011B7F8-25ED-4465-8452-D21C390DF48F}.Release|ARM64.Build.0 = Release|Any CPU
		{2011B7F8-25ED-4465-8452-D21C390DF48F}.Release|x64.ActiveCfg = Release|Any CPU
		{2011B7F8-25ED-4465-8452-D21C390DF48F}.Release|x64.Build.0 = Release|Any CPU
		{2011B7F8-25ED-4465-8452-D21C390DF48F}.Release|x86.ActiveCfg = Release|Any CPU
		{2011B7F8-25ED-4465-8452-D21C390DF48F}.Release|x86.Build.0 = Release|Any CPU
		{01FE4581-C914-4C43-B47B-B7AA99EE2D60}.Debug|Any CPU.ActiveCfg = Debug|Any CPU
		{01FE4581-C914-4C43-B47B-B7AA99EE2D60}.Debug|Any CPU.Build.0 = Debug|Any CPU
		{01FE4581-C914-4C43-B47B-B7AA99EE2D60}.Debug|ARM.ActiveCfg = Debug|Any CPU
		{01FE4581-C914-4C43-B47B-B7AA99EE2D60}.Debug|ARM.Build.0 = Debug|Any CPU
		{01FE4581-C914-4C43-B47B-B7AA99EE2D60}.Debug|ARM64.ActiveCfg = Debug|Any CPU
		{01FE4581-C914-4C43-B47B-B7AA99EE2D60}.Debug|ARM64.Build.0 = Debug|Any CPU
		{01FE4581-C914-4C43-B47B-B7AA99EE2D60}.Debug|x64.ActiveCfg = Debug|Any CPU
		{01FE4581-C914-4C43-B47B-B7AA99EE2D60}.Debug|x64.Build.0 = Debug|Any CPU
		{01FE4581-C914-4C43-B47B-B7AA99EE2D60}.Debug|x86.ActiveCfg = Debug|Any CPU
		{01FE4581-C914-4C43-B47B-B7AA99EE2D60}.Debug|x86.Build.0 = Debug|Any CPU
		{01FE4581-C914-4C43-B47B-B7AA99EE2D60}.Release|Any CPU.ActiveCfg = Release|Any CPU
		{01FE4581-C914-4C43-B47B-B7AA99EE2D60}.Release|Any CPU.Build.0 = Release|Any CPU
		{01FE4581-C914-4C43-B47B-B7AA99EE2D60}.Release|ARM.ActiveCfg = Release|Any CPU
		{01FE4581-C914-4C43-B47B-B7AA99EE2D60}.Release|ARM.Build.0 = Release|Any CPU
		{01FE4581-C914-4C43-B47B-B7AA99EE2D60}.Release|ARM64.ActiveCfg = Release|Any CPU
		{01FE4581-C914-4C43-B47B-B7AA99EE2D60}.Release|ARM64.Build.0 = Release|Any CPU
		{01FE4581-C914-4C43-B47B-B7AA99EE2D60}.Release|x64.ActiveCfg = Release|Any CPU
		{01FE4581-C914-4C43-B47B-B7AA99EE2D60}.Release|x64.Build.0 = Release|Any CPU
		{01FE4581-C914-4C43-B47B-B7AA99EE2D60}.Release|x86.ActiveCfg = Release|Any CPU
		{01FE4581-C914-4C43-B47B-B7AA99EE2D60}.Release|x86.Build.0 = Release|Any CPU
		{ADB74608-765D-42DE-B183-1E879CD9E65D}.Debug|Any CPU.ActiveCfg = Debug|Any CPU
		{ADB74608-765D-42DE-B183-1E879CD9E65D}.Debug|Any CPU.Build.0 = Debug|Any CPU
		{ADB74608-765D-42DE-B183-1E879CD9E65D}.Debug|ARM.ActiveCfg = Debug|Any CPU
		{ADB74608-765D-42DE-B183-1E879CD9E65D}.Debug|ARM.Build.0 = Debug|Any CPU
		{ADB74608-765D-42DE-B183-1E879CD9E65D}.Debug|ARM64.ActiveCfg = Debug|Any CPU
		{ADB74608-765D-42DE-B183-1E879CD9E65D}.Debug|ARM64.Build.0 = Debug|Any CPU
		{ADB74608-765D-42DE-B183-1E879CD9E65D}.Debug|x64.ActiveCfg = Debug|Any CPU
		{ADB74608-765D-42DE-B183-1E879CD9E65D}.Debug|x64.Build.0 = Debug|Any CPU
		{ADB74608-765D-42DE-B183-1E879CD9E65D}.Debug|x86.ActiveCfg = Debug|Any CPU
		{ADB74608-765D-42DE-B183-1E879CD9E65D}.Debug|x86.Build.0 = Debug|Any CPU
		{ADB74608-765D-42DE-B183-1E879CD9E65D}.Release|Any CPU.ActiveCfg = Release|Any CPU
		{ADB74608-765D-42DE-B183-1E879CD9E65D}.Release|Any CPU.Build.0 = Release|Any CPU
		{ADB74608-765D-42DE-B183-1E879CD9E65D}.Release|ARM.ActiveCfg = Release|Any CPU
		{ADB74608-765D-42DE-B183-1E879CD9E65D}.Release|ARM.Build.0 = Release|Any CPU
		{ADB74608-765D-42DE-B183-1E879CD9E65D}.Release|ARM64.ActiveCfg = Release|Any CPU
		{ADB74608-765D-42DE-B183-1E879CD9E65D}.Release|ARM64.Build.0 = Release|Any CPU
		{ADB74608-765D-42DE-B183-1E879CD9E65D}.Release|x64.ActiveCfg = Release|Any CPU
		{ADB74608-765D-42DE-B183-1E879CD9E65D}.Release|x64.Build.0 = Release|Any CPU
		{ADB74608-765D-42DE-B183-1E879CD9E65D}.Release|x86.ActiveCfg = Release|Any CPU
		{ADB74608-765D-42DE-B183-1E879CD9E65D}.Release|x86.Build.0 = Release|Any CPU
		{3D1DF1A9-1312-48C9-B90A-EEE2C7C55F55}.Debug|Any CPU.ActiveCfg = Debug|Any CPU
		{3D1DF1A9-1312-48C9-B90A-EEE2C7C55F55}.Debug|Any CPU.Build.0 = Debug|Any CPU
		{3D1DF1A9-1312-48C9-B90A-EEE2C7C55F55}.Debug|ARM.ActiveCfg = Debug|Any CPU
		{3D1DF1A9-1312-48C9-B90A-EEE2C7C55F55}.Debug|ARM.Build.0 = Debug|Any CPU
		{3D1DF1A9-1312-48C9-B90A-EEE2C7C55F55}.Debug|ARM64.ActiveCfg = Debug|Any CPU
		{3D1DF1A9-1312-48C9-B90A-EEE2C7C55F55}.Debug|ARM64.Build.0 = Debug|Any CPU
		{3D1DF1A9-1312-48C9-B90A-EEE2C7C55F55}.Debug|x64.ActiveCfg = Debug|Any CPU
		{3D1DF1A9-1312-48C9-B90A-EEE2C7C55F55}.Debug|x64.Build.0 = Debug|Any CPU
		{3D1DF1A9-1312-48C9-B90A-EEE2C7C55F55}.Debug|x86.ActiveCfg = Debug|Any CPU
		{3D1DF1A9-1312-48C9-B90A-EEE2C7C55F55}.Debug|x86.Build.0 = Debug|Any CPU
		{3D1DF1A9-1312-48C9-B90A-EEE2C7C55F55}.Release|Any CPU.ActiveCfg = Release|Any CPU
		{3D1DF1A9-1312-48C9-B90A-EEE2C7C55F55}.Release|Any CPU.Build.0 = Release|Any CPU
		{3D1DF1A9-1312-48C9-B90A-EEE2C7C55F55}.Release|ARM.ActiveCfg = Release|Any CPU
		{3D1DF1A9-1312-48C9-B90A-EEE2C7C55F55}.Release|ARM.Build.0 = Release|Any CPU
		{3D1DF1A9-1312-48C9-B90A-EEE2C7C55F55}.Release|ARM64.ActiveCfg = Release|Any CPU
		{3D1DF1A9-1312-48C9-B90A-EEE2C7C55F55}.Release|ARM64.Build.0 = Release|Any CPU
		{3D1DF1A9-1312-48C9-B90A-EEE2C7C55F55}.Release|x64.ActiveCfg = Release|Any CPU
		{3D1DF1A9-1312-48C9-B90A-EEE2C7C55F55}.Release|x64.Build.0 = Release|Any CPU
		{3D1DF1A9-1312-48C9-B90A-EEE2C7C55F55}.Release|x86.ActiveCfg = Release|Any CPU
		{3D1DF1A9-1312-48C9-B90A-EEE2C7C55F55}.Release|x86.Build.0 = Release|Any CPU
		{D5D6372A-52CE-410C-9B57-3A1444A3013A}.Debug|Any CPU.ActiveCfg = Debug|Any CPU
		{D5D6372A-52CE-410C-9B57-3A1444A3013A}.Debug|Any CPU.Build.0 = Debug|Any CPU
		{D5D6372A-52CE-410C-9B57-3A1444A3013A}.Debug|ARM.ActiveCfg = Debug|Any CPU
		{D5D6372A-52CE-410C-9B57-3A1444A3013A}.Debug|ARM.Build.0 = Debug|Any CPU
		{D5D6372A-52CE-410C-9B57-3A1444A3013A}.Debug|ARM64.ActiveCfg = Debug|Any CPU
		{D5D6372A-52CE-410C-9B57-3A1444A3013A}.Debug|ARM64.Build.0 = Debug|Any CPU
		{D5D6372A-52CE-410C-9B57-3A1444A3013A}.Debug|x64.ActiveCfg = Debug|Any CPU
		{D5D6372A-52CE-410C-9B57-3A1444A3013A}.Debug|x64.Build.0 = Debug|Any CPU
		{D5D6372A-52CE-410C-9B57-3A1444A3013A}.Debug|x86.ActiveCfg = Debug|Any CPU
		{D5D6372A-52CE-410C-9B57-3A1444A3013A}.Debug|x86.Build.0 = Debug|Any CPU
		{D5D6372A-52CE-410C-9B57-3A1444A3013A}.Release|Any CPU.ActiveCfg = Release|Any CPU
		{D5D6372A-52CE-410C-9B57-3A1444A3013A}.Release|Any CPU.Build.0 = Release|Any CPU
		{D5D6372A-52CE-410C-9B57-3A1444A3013A}.Release|ARM.ActiveCfg = Release|Any CPU
		{D5D6372A-52CE-410C-9B57-3A1444A3013A}.Release|ARM.Build.0 = Release|Any CPU
		{D5D6372A-52CE-410C-9B57-3A1444A3013A}.Release|ARM64.ActiveCfg = Release|Any CPU
		{D5D6372A-52CE-410C-9B57-3A1444A3013A}.Release|ARM64.Build.0 = Release|Any CPU
		{D5D6372A-52CE-410C-9B57-3A1444A3013A}.Release|x64.ActiveCfg = Release|Any CPU
		{D5D6372A-52CE-410C-9B57-3A1444A3013A}.Release|x64.Build.0 = Release|Any CPU
		{D5D6372A-52CE-410C-9B57-3A1444A3013A}.Release|x86.ActiveCfg = Release|Any CPU
		{D5D6372A-52CE-410C-9B57-3A1444A3013A}.Release|x86.Build.0 = Release|Any CPU
		{E4CD109B-51BD-474D-85AC-9E8A93012AAC}.Debug|Any CPU.ActiveCfg = Debug|Any CPU
		{E4CD109B-51BD-474D-85AC-9E8A93012AAC}.Debug|Any CPU.Build.0 = Debug|Any CPU
		{E4CD109B-51BD-474D-85AC-9E8A93012AAC}.Debug|ARM.ActiveCfg = Debug|Any CPU
		{E4CD109B-51BD-474D-85AC-9E8A93012AAC}.Debug|ARM.Build.0 = Debug|Any CPU
		{E4CD109B-51BD-474D-85AC-9E8A93012AAC}.Debug|ARM64.ActiveCfg = Debug|Any CPU
		{E4CD109B-51BD-474D-85AC-9E8A93012AAC}.Debug|ARM64.Build.0 = Debug|Any CPU
		{E4CD109B-51BD-474D-85AC-9E8A93012AAC}.Debug|x64.ActiveCfg = Debug|Any CPU
		{E4CD109B-51BD-474D-85AC-9E8A93012AAC}.Debug|x64.Build.0 = Debug|Any CPU
		{E4CD109B-51BD-474D-85AC-9E8A93012AAC}.Debug|x86.ActiveCfg = Debug|Any CPU
		{E4CD109B-51BD-474D-85AC-9E8A93012AAC}.Debug|x86.Build.0 = Debug|Any CPU
		{E4CD109B-51BD-474D-85AC-9E8A93012AAC}.Release|Any CPU.ActiveCfg = Release|Any CPU
		{E4CD109B-51BD-474D-85AC-9E8A93012AAC}.Release|Any CPU.Build.0 = Release|Any CPU
		{E4CD109B-51BD-474D-85AC-9E8A93012AAC}.Release|ARM.ActiveCfg = Release|Any CPU
		{E4CD109B-51BD-474D-85AC-9E8A93012AAC}.Release|ARM.Build.0 = Release|Any CPU
		{E4CD109B-51BD-474D-85AC-9E8A93012AAC}.Release|ARM64.ActiveCfg = Release|Any CPU
		{E4CD109B-51BD-474D-85AC-9E8A93012AAC}.Release|ARM64.Build.0 = Release|Any CPU
		{E4CD109B-51BD-474D-85AC-9E8A93012AAC}.Release|x64.ActiveCfg = Release|Any CPU
		{E4CD109B-51BD-474D-85AC-9E8A93012AAC}.Release|x64.Build.0 = Release|Any CPU
		{E4CD109B-51BD-474D-85AC-9E8A93012AAC}.Release|x86.ActiveCfg = Release|Any CPU
		{E4CD109B-51BD-474D-85AC-9E8A93012AAC}.Release|x86.Build.0 = Release|Any CPU
		{C9F7510B-F947-4D54-8BEC-5776078FADB5}.Debug|Any CPU.ActiveCfg = Debug|Any CPU
		{C9F7510B-F947-4D54-8BEC-5776078FADB5}.Debug|Any CPU.Build.0 = Debug|Any CPU
		{C9F7510B-F947-4D54-8BEC-5776078FADB5}.Debug|ARM.ActiveCfg = Debug|Any CPU
		{C9F7510B-F947-4D54-8BEC-5776078FADB5}.Debug|ARM.Build.0 = Debug|Any CPU
		{C9F7510B-F947-4D54-8BEC-5776078FADB5}.Debug|ARM64.ActiveCfg = Debug|Any CPU
		{C9F7510B-F947-4D54-8BEC-5776078FADB5}.Debug|ARM64.Build.0 = Debug|Any CPU
		{C9F7510B-F947-4D54-8BEC-5776078FADB5}.Debug|x64.ActiveCfg = Debug|Any CPU
		{C9F7510B-F947-4D54-8BEC-5776078FADB5}.Debug|x64.Build.0 = Debug|Any CPU
		{C9F7510B-F947-4D54-8BEC-5776078FADB5}.Debug|x86.ActiveCfg = Debug|Any CPU
		{C9F7510B-F947-4D54-8BEC-5776078FADB5}.Debug|x86.Build.0 = Debug|Any CPU
		{C9F7510B-F947-4D54-8BEC-5776078FADB5}.Release|Any CPU.ActiveCfg = Release|Any CPU
		{C9F7510B-F947-4D54-8BEC-5776078FADB5}.Release|Any CPU.Build.0 = Release|Any CPU
		{C9F7510B-F947-4D54-8BEC-5776078FADB5}.Release|ARM.ActiveCfg = Release|Any CPU
		{C9F7510B-F947-4D54-8BEC-5776078FADB5}.Release|ARM.Build.0 = Release|Any CPU
		{C9F7510B-F947-4D54-8BEC-5776078FADB5}.Release|ARM64.ActiveCfg = Release|Any CPU
		{C9F7510B-F947-4D54-8BEC-5776078FADB5}.Release|ARM64.Build.0 = Release|Any CPU
		{C9F7510B-F947-4D54-8BEC-5776078FADB5}.Release|x64.ActiveCfg = Release|Any CPU
		{C9F7510B-F947-4D54-8BEC-5776078FADB5}.Release|x64.Build.0 = Release|Any CPU
		{C9F7510B-F947-4D54-8BEC-5776078FADB5}.Release|x86.ActiveCfg = Release|Any CPU
		{C9F7510B-F947-4D54-8BEC-5776078FADB5}.Release|x86.Build.0 = Release|Any CPU
		{0196E46D-6975-4130-B286-D19D11D1A7B9}.Debug|Any CPU.ActiveCfg = Debug|Any CPU
		{0196E46D-6975-4130-B286-D19D11D1A7B9}.Debug|Any CPU.Build.0 = Debug|Any CPU
		{0196E46D-6975-4130-B286-D19D11D1A7B9}.Debug|ARM.ActiveCfg = Debug|Any CPU
		{0196E46D-6975-4130-B286-D19D11D1A7B9}.Debug|ARM.Build.0 = Debug|Any CPU
		{0196E46D-6975-4130-B286-D19D11D1A7B9}.Debug|ARM64.ActiveCfg = Debug|Any CPU
		{0196E46D-6975-4130-B286-D19D11D1A7B9}.Debug|ARM64.Build.0 = Debug|Any CPU
		{0196E46D-6975-4130-B286-D19D11D1A7B9}.Debug|x64.ActiveCfg = Debug|Any CPU
		{0196E46D-6975-4130-B286-D19D11D1A7B9}.Debug|x64.Build.0 = Debug|Any CPU
		{0196E46D-6975-4130-B286-D19D11D1A7B9}.Debug|x86.ActiveCfg = Debug|Any CPU
		{0196E46D-6975-4130-B286-D19D11D1A7B9}.Debug|x86.Build.0 = Debug|Any CPU
		{0196E46D-6975-4130-B286-D19D11D1A7B9}.Release|Any CPU.ActiveCfg = Release|Any CPU
		{0196E46D-6975-4130-B286-D19D11D1A7B9}.Release|Any CPU.Build.0 = Release|Any CPU
		{0196E46D-6975-4130-B286-D19D11D1A7B9}.Release|ARM.ActiveCfg = Release|Any CPU
		{0196E46D-6975-4130-B286-D19D11D1A7B9}.Release|ARM.Build.0 = Release|Any CPU
		{0196E46D-6975-4130-B286-D19D11D1A7B9}.Release|ARM64.ActiveCfg = Release|Any CPU
		{0196E46D-6975-4130-B286-D19D11D1A7B9}.Release|ARM64.Build.0 = Release|Any CPU
		{0196E46D-6975-4130-B286-D19D11D1A7B9}.Release|x64.ActiveCfg = Release|Any CPU
		{0196E46D-6975-4130-B286-D19D11D1A7B9}.Release|x64.Build.0 = Release|Any CPU
		{0196E46D-6975-4130-B286-D19D11D1A7B9}.Release|x86.ActiveCfg = Release|Any CPU
		{0196E46D-6975-4130-B286-D19D11D1A7B9}.Release|x86.Build.0 = Release|Any CPU
		{59C3BC35-16B1-4649-9A4B-6F182B52FD2A}.Debug|Any CPU.ActiveCfg = Debug|Any CPU
		{59C3BC35-16B1-4649-9A4B-6F182B52FD2A}.Debug|Any CPU.Build.0 = Debug|Any CPU
		{59C3BC35-16B1-4649-9A4B-6F182B52FD2A}.Debug|ARM.ActiveCfg = Debug|Any CPU
		{59C3BC35-16B1-4649-9A4B-6F182B52FD2A}.Debug|ARM.Build.0 = Debug|Any CPU
		{59C3BC35-16B1-4649-9A4B-6F182B52FD2A}.Debug|ARM64.ActiveCfg = Debug|Any CPU
		{59C3BC35-16B1-4649-9A4B-6F182B52FD2A}.Debug|ARM64.Build.0 = Debug|Any CPU
		{59C3BC35-16B1-4649-9A4B-6F182B52FD2A}.Debug|x64.ActiveCfg = Debug|Any CPU
		{59C3BC35-16B1-4649-9A4B-6F182B52FD2A}.Debug|x64.Build.0 = Debug|Any CPU
		{59C3BC35-16B1-4649-9A4B-6F182B52FD2A}.Debug|x86.ActiveCfg = Debug|Any CPU
		{59C3BC35-16B1-4649-9A4B-6F182B52FD2A}.Debug|x86.Build.0 = Debug|Any CPU
		{59C3BC35-16B1-4649-9A4B-6F182B52FD2A}.Release|Any CPU.ActiveCfg = Release|Any CPU
		{59C3BC35-16B1-4649-9A4B-6F182B52FD2A}.Release|Any CPU.Build.0 = Release|Any CPU
		{59C3BC35-16B1-4649-9A4B-6F182B52FD2A}.Release|ARM.ActiveCfg = Release|Any CPU
		{59C3BC35-16B1-4649-9A4B-6F182B52FD2A}.Release|ARM.Build.0 = Release|Any CPU
		{59C3BC35-16B1-4649-9A4B-6F182B52FD2A}.Release|ARM64.ActiveCfg = Release|Any CPU
		{59C3BC35-16B1-4649-9A4B-6F182B52FD2A}.Release|ARM64.Build.0 = Release|Any CPU
		{59C3BC35-16B1-4649-9A4B-6F182B52FD2A}.Release|x64.ActiveCfg = Release|Any CPU
		{59C3BC35-16B1-4649-9A4B-6F182B52FD2A}.Release|x64.Build.0 = Release|Any CPU
		{59C3BC35-16B1-4649-9A4B-6F182B52FD2A}.Release|x86.ActiveCfg = Release|Any CPU
		{59C3BC35-16B1-4649-9A4B-6F182B52FD2A}.Release|x86.Build.0 = Release|Any CPU
		{58E5CD15-E6E6-481B-934D-5BA36B898567}.Debug|Any CPU.ActiveCfg = Debug|Any CPU
		{58E5CD15-E6E6-481B-934D-5BA36B898567}.Debug|Any CPU.Build.0 = Debug|Any CPU
		{58E5CD15-E6E6-481B-934D-5BA36B898567}.Debug|ARM.ActiveCfg = Debug|Any CPU
		{58E5CD15-E6E6-481B-934D-5BA36B898567}.Debug|ARM.Build.0 = Debug|Any CPU
		{58E5CD15-E6E6-481B-934D-5BA36B898567}.Debug|ARM64.ActiveCfg = Debug|Any CPU
		{58E5CD15-E6E6-481B-934D-5BA36B898567}.Debug|ARM64.Build.0 = Debug|Any CPU
		{58E5CD15-E6E6-481B-934D-5BA36B898567}.Debug|x64.ActiveCfg = Debug|Any CPU
		{58E5CD15-E6E6-481B-934D-5BA36B898567}.Debug|x64.Build.0 = Debug|Any CPU
		{58E5CD15-E6E6-481B-934D-5BA36B898567}.Debug|x86.ActiveCfg = Debug|Any CPU
		{58E5CD15-E6E6-481B-934D-5BA36B898567}.Debug|x86.Build.0 = Debug|Any CPU
		{58E5CD15-E6E6-481B-934D-5BA36B898567}.Release|Any CPU.ActiveCfg = Release|Any CPU
		{58E5CD15-E6E6-481B-934D-5BA36B898567}.Release|Any CPU.Build.0 = Release|Any CPU
		{58E5CD15-E6E6-481B-934D-5BA36B898567}.Release|ARM.ActiveCfg = Release|Any CPU
		{58E5CD15-E6E6-481B-934D-5BA36B898567}.Release|ARM.Build.0 = Release|Any CPU
		{58E5CD15-E6E6-481B-934D-5BA36B898567}.Release|ARM64.ActiveCfg = Release|Any CPU
		{58E5CD15-E6E6-481B-934D-5BA36B898567}.Release|ARM64.Build.0 = Release|Any CPU
		{58E5CD15-E6E6-481B-934D-5BA36B898567}.Release|x64.ActiveCfg = Release|Any CPU
		{58E5CD15-E6E6-481B-934D-5BA36B898567}.Release|x64.Build.0 = Release|Any CPU
		{58E5CD15-E6E6-481B-934D-5BA36B898567}.Release|x86.ActiveCfg = Release|Any CPU
		{58E5CD15-E6E6-481B-934D-5BA36B898567}.Release|x86.Build.0 = Release|Any CPU
		{3B864462-8136-4DC3-8FB9-DC5E1D1CC4DE}.Debug|Any CPU.ActiveCfg = Debug|Any CPU
		{3B864462-8136-4DC3-8FB9-DC5E1D1CC4DE}.Debug|Any CPU.Build.0 = Debug|Any CPU
		{3B864462-8136-4DC3-8FB9-DC5E1D1CC4DE}.Debug|ARM.ActiveCfg = Debug|Any CPU
		{3B864462-8136-4DC3-8FB9-DC5E1D1CC4DE}.Debug|ARM.Build.0 = Debug|Any CPU
		{3B864462-8136-4DC3-8FB9-DC5E1D1CC4DE}.Debug|ARM64.ActiveCfg = Debug|Any CPU
		{3B864462-8136-4DC3-8FB9-DC5E1D1CC4DE}.Debug|ARM64.Build.0 = Debug|Any CPU
		{3B864462-8136-4DC3-8FB9-DC5E1D1CC4DE}.Debug|x64.ActiveCfg = Debug|Any CPU
		{3B864462-8136-4DC3-8FB9-DC5E1D1CC4DE}.Debug|x64.Build.0 = Debug|Any CPU
		{3B864462-8136-4DC3-8FB9-DC5E1D1CC4DE}.Debug|x86.ActiveCfg = Debug|Any CPU
		{3B864462-8136-4DC3-8FB9-DC5E1D1CC4DE}.Debug|x86.Build.0 = Debug|Any CPU
		{3B864462-8136-4DC3-8FB9-DC5E1D1CC4DE}.Release|Any CPU.ActiveCfg = Release|Any CPU
		{3B864462-8136-4DC3-8FB9-DC5E1D1CC4DE}.Release|Any CPU.Build.0 = Release|Any CPU
		{3B864462-8136-4DC3-8FB9-DC5E1D1CC4DE}.Release|ARM.ActiveCfg = Release|Any CPU
		{3B864462-8136-4DC3-8FB9-DC5E1D1CC4DE}.Release|ARM.Build.0 = Release|Any CPU
		{3B864462-8136-4DC3-8FB9-DC5E1D1CC4DE}.Release|ARM64.ActiveCfg = Release|Any CPU
		{3B864462-8136-4DC3-8FB9-DC5E1D1CC4DE}.Release|ARM64.Build.0 = Release|Any CPU
		{3B864462-8136-4DC3-8FB9-DC5E1D1CC4DE}.Release|x64.ActiveCfg = Release|Any CPU
		{3B864462-8136-4DC3-8FB9-DC5E1D1CC4DE}.Release|x64.Build.0 = Release|Any CPU
		{3B864462-8136-4DC3-8FB9-DC5E1D1CC4DE}.Release|x86.ActiveCfg = Release|Any CPU
		{3B864462-8136-4DC3-8FB9-DC5E1D1CC4DE}.Release|x86.Build.0 = Release|Any CPU
		{63D07E3C-F6CA-4723-9B3E-5682AE783360}.Debug|Any CPU.ActiveCfg = Debug|Any CPU
		{63D07E3C-F6CA-4723-9B3E-5682AE783360}.Debug|Any CPU.Build.0 = Debug|Any CPU
		{63D07E3C-F6CA-4723-9B3E-5682AE783360}.Debug|ARM.ActiveCfg = Debug|Any CPU
		{63D07E3C-F6CA-4723-9B3E-5682AE783360}.Debug|ARM.Build.0 = Debug|Any CPU
		{63D07E3C-F6CA-4723-9B3E-5682AE783360}.Debug|ARM64.ActiveCfg = Debug|Any CPU
		{63D07E3C-F6CA-4723-9B3E-5682AE783360}.Debug|ARM64.Build.0 = Debug|Any CPU
		{63D07E3C-F6CA-4723-9B3E-5682AE783360}.Debug|x64.ActiveCfg = Debug|Any CPU
		{63D07E3C-F6CA-4723-9B3E-5682AE783360}.Debug|x64.Build.0 = Debug|Any CPU
		{63D07E3C-F6CA-4723-9B3E-5682AE783360}.Debug|x86.ActiveCfg = Debug|Any CPU
		{63D07E3C-F6CA-4723-9B3E-5682AE783360}.Debug|x86.Build.0 = Debug|Any CPU
		{63D07E3C-F6CA-4723-9B3E-5682AE783360}.Release|Any CPU.ActiveCfg = Release|Any CPU
		{63D07E3C-F6CA-4723-9B3E-5682AE783360}.Release|Any CPU.Build.0 = Release|Any CPU
		{63D07E3C-F6CA-4723-9B3E-5682AE783360}.Release|ARM.ActiveCfg = Release|Any CPU
		{63D07E3C-F6CA-4723-9B3E-5682AE783360}.Release|ARM.Build.0 = Release|Any CPU
		{63D07E3C-F6CA-4723-9B3E-5682AE783360}.Release|ARM64.ActiveCfg = Release|Any CPU
		{63D07E3C-F6CA-4723-9B3E-5682AE783360}.Release|ARM64.Build.0 = Release|Any CPU
		{63D07E3C-F6CA-4723-9B3E-5682AE783360}.Release|x64.ActiveCfg = Release|Any CPU
		{63D07E3C-F6CA-4723-9B3E-5682AE783360}.Release|x64.Build.0 = Release|Any CPU
		{63D07E3C-F6CA-4723-9B3E-5682AE783360}.Release|x86.ActiveCfg = Release|Any CPU
		{63D07E3C-F6CA-4723-9B3E-5682AE783360}.Release|x86.Build.0 = Release|Any CPU
		{F7B665FA-38F4-4989-9EB8-9469DA6AC993}.Debug|Any CPU.ActiveCfg = Debug|Any CPU
		{F7B665FA-38F4-4989-9EB8-9469DA6AC993}.Debug|Any CPU.Build.0 = Debug|Any CPU
		{F7B665FA-38F4-4989-9EB8-9469DA6AC993}.Debug|ARM.ActiveCfg = Debug|Any CPU
		{F7B665FA-38F4-4989-9EB8-9469DA6AC993}.Debug|ARM.Build.0 = Debug|Any CPU
		{F7B665FA-38F4-4989-9EB8-9469DA6AC993}.Debug|ARM64.ActiveCfg = Debug|Any CPU
		{F7B665FA-38F4-4989-9EB8-9469DA6AC993}.Debug|ARM64.Build.0 = Debug|Any CPU
		{F7B665FA-38F4-4989-9EB8-9469DA6AC993}.Debug|x64.ActiveCfg = Debug|Any CPU
		{F7B665FA-38F4-4989-9EB8-9469DA6AC993}.Debug|x64.Build.0 = Debug|Any CPU
		{F7B665FA-38F4-4989-9EB8-9469DA6AC993}.Debug|x86.ActiveCfg = Debug|Any CPU
		{F7B665FA-38F4-4989-9EB8-9469DA6AC993}.Debug|x86.Build.0 = Debug|Any CPU
		{F7B665FA-38F4-4989-9EB8-9469DA6AC993}.Release|Any CPU.ActiveCfg = Release|Any CPU
		{F7B665FA-38F4-4989-9EB8-9469DA6AC993}.Release|Any CPU.Build.0 = Release|Any CPU
		{F7B665FA-38F4-4989-9EB8-9469DA6AC993}.Release|ARM.ActiveCfg = Release|Any CPU
		{F7B665FA-38F4-4989-9EB8-9469DA6AC993}.Release|ARM.Build.0 = Release|Any CPU
		{F7B665FA-38F4-4989-9EB8-9469DA6AC993}.Release|ARM64.ActiveCfg = Release|Any CPU
		{F7B665FA-38F4-4989-9EB8-9469DA6AC993}.Release|ARM64.Build.0 = Release|Any CPU
		{F7B665FA-38F4-4989-9EB8-9469DA6AC993}.Release|x64.ActiveCfg = Release|Any CPU
		{F7B665FA-38F4-4989-9EB8-9469DA6AC993}.Release|x64.Build.0 = Release|Any CPU
		{F7B665FA-38F4-4989-9EB8-9469DA6AC993}.Release|x86.ActiveCfg = Release|Any CPU
		{F7B665FA-38F4-4989-9EB8-9469DA6AC993}.Release|x86.Build.0 = Release|Any CPU
		{CCAAD7B3-8630-4AF7-94FC-5D0AE033F1E4}.Debug|Any CPU.ActiveCfg = Debug|Any CPU
		{CCAAD7B3-8630-4AF7-94FC-5D0AE033F1E4}.Debug|Any CPU.Build.0 = Debug|Any CPU
		{CCAAD7B3-8630-4AF7-94FC-5D0AE033F1E4}.Debug|ARM.ActiveCfg = Debug|Any CPU
		{CCAAD7B3-8630-4AF7-94FC-5D0AE033F1E4}.Debug|ARM.Build.0 = Debug|Any CPU
		{CCAAD7B3-8630-4AF7-94FC-5D0AE033F1E4}.Debug|ARM64.ActiveCfg = Debug|Any CPU
		{CCAAD7B3-8630-4AF7-94FC-5D0AE033F1E4}.Debug|ARM64.Build.0 = Debug|Any CPU
		{CCAAD7B3-8630-4AF7-94FC-5D0AE033F1E4}.Debug|x64.ActiveCfg = Debug|Any CPU
		{CCAAD7B3-8630-4AF7-94FC-5D0AE033F1E4}.Debug|x64.Build.0 = Debug|Any CPU
		{CCAAD7B3-8630-4AF7-94FC-5D0AE033F1E4}.Debug|x86.ActiveCfg = Debug|Any CPU
		{CCAAD7B3-8630-4AF7-94FC-5D0AE033F1E4}.Debug|x86.Build.0 = Debug|Any CPU
		{CCAAD7B3-8630-4AF7-94FC-5D0AE033F1E4}.Release|Any CPU.ActiveCfg = Release|Any CPU
		{CCAAD7B3-8630-4AF7-94FC-5D0AE033F1E4}.Release|Any CPU.Build.0 = Release|Any CPU
		{CCAAD7B3-8630-4AF7-94FC-5D0AE033F1E4}.Release|ARM.ActiveCfg = Release|Any CPU
		{CCAAD7B3-8630-4AF7-94FC-5D0AE033F1E4}.Release|ARM.Build.0 = Release|Any CPU
		{CCAAD7B3-8630-4AF7-94FC-5D0AE033F1E4}.Release|ARM64.ActiveCfg = Release|Any CPU
		{CCAAD7B3-8630-4AF7-94FC-5D0AE033F1E4}.Release|ARM64.Build.0 = Release|Any CPU
		{CCAAD7B3-8630-4AF7-94FC-5D0AE033F1E4}.Release|x64.ActiveCfg = Release|Any CPU
		{CCAAD7B3-8630-4AF7-94FC-5D0AE033F1E4}.Release|x64.Build.0 = Release|Any CPU
		{CCAAD7B3-8630-4AF7-94FC-5D0AE033F1E4}.Release|x86.ActiveCfg = Release|Any CPU
		{CCAAD7B3-8630-4AF7-94FC-5D0AE033F1E4}.Release|x86.Build.0 = Release|Any CPU
		{CDAC0439-C695-4865-A82D-A69548A6E5E7}.Debug|Any CPU.ActiveCfg = Debug|Any CPU
		{CDAC0439-C695-4865-A82D-A69548A6E5E7}.Debug|Any CPU.Build.0 = Debug|Any CPU
		{CDAC0439-C695-4865-A82D-A69548A6E5E7}.Debug|ARM.ActiveCfg = Debug|Any CPU
		{CDAC0439-C695-4865-A82D-A69548A6E5E7}.Debug|ARM.Build.0 = Debug|Any CPU
		{CDAC0439-C695-4865-A82D-A69548A6E5E7}.Debug|ARM64.ActiveCfg = Debug|Any CPU
		{CDAC0439-C695-4865-A82D-A69548A6E5E7}.Debug|ARM64.Build.0 = Debug|Any CPU
		{CDAC0439-C695-4865-A82D-A69548A6E5E7}.Debug|x64.ActiveCfg = Debug|Any CPU
		{CDAC0439-C695-4865-A82D-A69548A6E5E7}.Debug|x64.Build.0 = Debug|Any CPU
		{CDAC0439-C695-4865-A82D-A69548A6E5E7}.Debug|x86.ActiveCfg = Debug|Any CPU
		{CDAC0439-C695-4865-A82D-A69548A6E5E7}.Debug|x86.Build.0 = Debug|Any CPU
		{CDAC0439-C695-4865-A82D-A69548A6E5E7}.Release|Any CPU.ActiveCfg = Release|Any CPU
		{CDAC0439-C695-4865-A82D-A69548A6E5E7}.Release|Any CPU.Build.0 = Release|Any CPU
		{CDAC0439-C695-4865-A82D-A69548A6E5E7}.Release|ARM.ActiveCfg = Release|Any CPU
		{CDAC0439-C695-4865-A82D-A69548A6E5E7}.Release|ARM.Build.0 = Release|Any CPU
		{CDAC0439-C695-4865-A82D-A69548A6E5E7}.Release|ARM64.ActiveCfg = Release|Any CPU
		{CDAC0439-C695-4865-A82D-A69548A6E5E7}.Release|ARM64.Build.0 = Release|Any CPU
		{CDAC0439-C695-4865-A82D-A69548A6E5E7}.Release|x64.ActiveCfg = Release|Any CPU
		{CDAC0439-C695-4865-A82D-A69548A6E5E7}.Release|x64.Build.0 = Release|Any CPU
		{CDAC0439-C695-4865-A82D-A69548A6E5E7}.Release|x86.ActiveCfg = Release|Any CPU
		{CDAC0439-C695-4865-A82D-A69548A6E5E7}.Release|x86.Build.0 = Release|Any CPU
		{7637C75D-53DF-436E-97CA-D8391E709813}.Debug|Any CPU.ActiveCfg = Debug|Any CPU
		{7637C75D-53DF-436E-97CA-D8391E709813}.Debug|Any CPU.Build.0 = Debug|Any CPU
		{7637C75D-53DF-436E-97CA-D8391E709813}.Debug|ARM.ActiveCfg = Debug|Any CPU
		{7637C75D-53DF-436E-97CA-D8391E709813}.Debug|ARM.Build.0 = Debug|Any CPU
		{7637C75D-53DF-436E-97CA-D8391E709813}.Debug|ARM64.ActiveCfg = Debug|Any CPU
		{7637C75D-53DF-436E-97CA-D8391E709813}.Debug|ARM64.Build.0 = Debug|Any CPU
		{7637C75D-53DF-436E-97CA-D8391E709813}.Debug|x64.ActiveCfg = Debug|Any CPU
		{7637C75D-53DF-436E-97CA-D8391E709813}.Debug|x64.Build.0 = Debug|Any CPU
		{7637C75D-53DF-436E-97CA-D8391E709813}.Debug|x86.ActiveCfg = Debug|Any CPU
		{7637C75D-53DF-436E-97CA-D8391E709813}.Debug|x86.Build.0 = Debug|Any CPU
		{7637C75D-53DF-436E-97CA-D8391E709813}.Release|Any CPU.ActiveCfg = Release|Any CPU
		{7637C75D-53DF-436E-97CA-D8391E709813}.Release|Any CPU.Build.0 = Release|Any CPU
		{7637C75D-53DF-436E-97CA-D8391E709813}.Release|ARM.ActiveCfg = Release|Any CPU
		{7637C75D-53DF-436E-97CA-D8391E709813}.Release|ARM.Build.0 = Release|Any CPU
		{7637C75D-53DF-436E-97CA-D8391E709813}.Release|ARM64.ActiveCfg = Release|Any CPU
		{7637C75D-53DF-436E-97CA-D8391E709813}.Release|ARM64.Build.0 = Release|Any CPU
		{7637C75D-53DF-436E-97CA-D8391E709813}.Release|x64.ActiveCfg = Release|Any CPU
		{7637C75D-53DF-436E-97CA-D8391E709813}.Release|x64.Build.0 = Release|Any CPU
		{7637C75D-53DF-436E-97CA-D8391E709813}.Release|x86.ActiveCfg = Release|Any CPU
		{7637C75D-53DF-436E-97CA-D8391E709813}.Release|x86.Build.0 = Release|Any CPU
		{F8C46313-FC81-493C-9576-C4CFB46223D8}.Debug|Any CPU.ActiveCfg = Debug|Any CPU
		{F8C46313-FC81-493C-9576-C4CFB46223D8}.Debug|Any CPU.Build.0 = Debug|Any CPU
		{F8C46313-FC81-493C-9576-C4CFB46223D8}.Debug|ARM.ActiveCfg = Debug|Any CPU
		{F8C46313-FC81-493C-9576-C4CFB46223D8}.Debug|ARM.Build.0 = Debug|Any CPU
		{F8C46313-FC81-493C-9576-C4CFB46223D8}.Debug|ARM64.ActiveCfg = Debug|Any CPU
		{F8C46313-FC81-493C-9576-C4CFB46223D8}.Debug|ARM64.Build.0 = Debug|Any CPU
		{F8C46313-FC81-493C-9576-C4CFB46223D8}.Debug|x64.ActiveCfg = Debug|Any CPU
		{F8C46313-FC81-493C-9576-C4CFB46223D8}.Debug|x64.Build.0 = Debug|Any CPU
		{F8C46313-FC81-493C-9576-C4CFB46223D8}.Debug|x86.ActiveCfg = Debug|Any CPU
		{F8C46313-FC81-493C-9576-C4CFB46223D8}.Debug|x86.Build.0 = Debug|Any CPU
		{F8C46313-FC81-493C-9576-C4CFB46223D8}.Release|Any CPU.ActiveCfg = Release|Any CPU
		{F8C46313-FC81-493C-9576-C4CFB46223D8}.Release|Any CPU.Build.0 = Release|Any CPU
		{F8C46313-FC81-493C-9576-C4CFB46223D8}.Release|ARM.ActiveCfg = Release|Any CPU
		{F8C46313-FC81-493C-9576-C4CFB46223D8}.Release|ARM.Build.0 = Release|Any CPU
		{F8C46313-FC81-493C-9576-C4CFB46223D8}.Release|ARM64.ActiveCfg = Release|Any CPU
		{F8C46313-FC81-493C-9576-C4CFB46223D8}.Release|ARM64.Build.0 = Release|Any CPU
		{F8C46313-FC81-493C-9576-C4CFB46223D8}.Release|x64.ActiveCfg = Release|Any CPU
		{F8C46313-FC81-493C-9576-C4CFB46223D8}.Release|x64.Build.0 = Release|Any CPU
		{F8C46313-FC81-493C-9576-C4CFB46223D8}.Release|x86.ActiveCfg = Release|Any CPU
		{F8C46313-FC81-493C-9576-C4CFB46223D8}.Release|x86.Build.0 = Release|Any CPU
		{A2022A04-B449-4A23-ADDB-65C16A5D4716}.Debug|Any CPU.ActiveCfg = Debug|Any CPU
		{A2022A04-B449-4A23-ADDB-65C16A5D4716}.Debug|Any CPU.Build.0 = Debug|Any CPU
		{A2022A04-B449-4A23-ADDB-65C16A5D4716}.Debug|ARM.ActiveCfg = Debug|Any CPU
		{A2022A04-B449-4A23-ADDB-65C16A5D4716}.Debug|ARM.Build.0 = Debug|Any CPU
		{A2022A04-B449-4A23-ADDB-65C16A5D4716}.Debug|ARM64.ActiveCfg = Debug|Any CPU
		{A2022A04-B449-4A23-ADDB-65C16A5D4716}.Debug|ARM64.Build.0 = Debug|Any CPU
		{A2022A04-B449-4A23-ADDB-65C16A5D4716}.Debug|x64.ActiveCfg = Debug|Any CPU
		{A2022A04-B449-4A23-ADDB-65C16A5D4716}.Debug|x64.Build.0 = Debug|Any CPU
		{A2022A04-B449-4A23-ADDB-65C16A5D4716}.Debug|x86.ActiveCfg = Debug|Any CPU
		{A2022A04-B449-4A23-ADDB-65C16A5D4716}.Debug|x86.Build.0 = Debug|Any CPU
		{A2022A04-B449-4A23-ADDB-65C16A5D4716}.Release|Any CPU.ActiveCfg = Release|Any CPU
		{A2022A04-B449-4A23-ADDB-65C16A5D4716}.Release|Any CPU.Build.0 = Release|Any CPU
		{A2022A04-B449-4A23-ADDB-65C16A5D4716}.Release|ARM.ActiveCfg = Release|Any CPU
		{A2022A04-B449-4A23-ADDB-65C16A5D4716}.Release|ARM.Build.0 = Release|Any CPU
		{A2022A04-B449-4A23-ADDB-65C16A5D4716}.Release|ARM64.ActiveCfg = Release|Any CPU
		{A2022A04-B449-4A23-ADDB-65C16A5D4716}.Release|ARM64.Build.0 = Release|Any CPU
		{A2022A04-B449-4A23-ADDB-65C16A5D4716}.Release|x64.ActiveCfg = Release|Any CPU
		{A2022A04-B449-4A23-ADDB-65C16A5D4716}.Release|x64.Build.0 = Release|Any CPU
		{A2022A04-B449-4A23-ADDB-65C16A5D4716}.Release|x86.ActiveCfg = Release|Any CPU
		{A2022A04-B449-4A23-ADDB-65C16A5D4716}.Release|x86.Build.0 = Release|Any CPU
		{281138DD-5EBA-42B3-BB2F-E423940F118F}.Debug|Any CPU.ActiveCfg = Debug|Any CPU
		{281138DD-5EBA-42B3-BB2F-E423940F118F}.Debug|Any CPU.Build.0 = Debug|Any CPU
		{281138DD-5EBA-42B3-BB2F-E423940F118F}.Debug|ARM.ActiveCfg = Debug|Any CPU
		{281138DD-5EBA-42B3-BB2F-E423940F118F}.Debug|ARM.Build.0 = Debug|Any CPU
		{281138DD-5EBA-42B3-BB2F-E423940F118F}.Debug|ARM64.ActiveCfg = Debug|Any CPU
		{281138DD-5EBA-42B3-BB2F-E423940F118F}.Debug|ARM64.Build.0 = Debug|Any CPU
		{281138DD-5EBA-42B3-BB2F-E423940F118F}.Debug|x64.ActiveCfg = Debug|Any CPU
		{281138DD-5EBA-42B3-BB2F-E423940F118F}.Debug|x64.Build.0 = Debug|Any CPU
		{281138DD-5EBA-42B3-BB2F-E423940F118F}.Debug|x86.ActiveCfg = Debug|Any CPU
		{281138DD-5EBA-42B3-BB2F-E423940F118F}.Debug|x86.Build.0 = Debug|Any CPU
		{281138DD-5EBA-42B3-BB2F-E423940F118F}.Release|Any CPU.ActiveCfg = Release|Any CPU
		{281138DD-5EBA-42B3-BB2F-E423940F118F}.Release|Any CPU.Build.0 = Release|Any CPU
		{281138DD-5EBA-42B3-BB2F-E423940F118F}.Release|ARM.ActiveCfg = Release|Any CPU
		{281138DD-5EBA-42B3-BB2F-E423940F118F}.Release|ARM.Build.0 = Release|Any CPU
		{281138DD-5EBA-42B3-BB2F-E423940F118F}.Release|ARM64.ActiveCfg = Release|Any CPU
		{281138DD-5EBA-42B3-BB2F-E423940F118F}.Release|ARM64.Build.0 = Release|Any CPU
		{281138DD-5EBA-42B3-BB2F-E423940F118F}.Release|x64.ActiveCfg = Release|Any CPU
		{281138DD-5EBA-42B3-BB2F-E423940F118F}.Release|x64.Build.0 = Release|Any CPU
		{281138DD-5EBA-42B3-BB2F-E423940F118F}.Release|x86.ActiveCfg = Release|Any CPU
		{281138DD-5EBA-42B3-BB2F-E423940F118F}.Release|x86.Build.0 = Release|Any CPU
	EndGlobalSection
	GlobalSection(SolutionProperties) = preSolution
		HideSolutionNode = FALSE
	EndGlobalSection
	GlobalSection(ExtensibilityGlobals) = postSolution
		SolutionGuid = {045D0641-8D0A-4449-88C0-DEBA3A6818F6}
	EndGlobalSection
EndGlobal
